// !$*UTF8*$!
{
	archiveVersion = 1;
	classes = {
	};
	objectVersion = 56;
	objects = {

/* Begin PBXBuildFile section */
		081006A82C36904E00578E07 /* UIResponder.swift in Sources */ = {isa = PBXBuildFile; fileRef = 081006A72C36904E00578E07 /* UIResponder.swift */; };
		081006A92C36904E00578E07 /* UIResponder.swift in Sources */ = {isa = PBXBuildFile; fileRef = 081006A72C36904E00578E07 /* UIResponder.swift */; };
		081006AA2C36904E00578E07 /* UIResponder.swift in Sources */ = {isa = PBXBuildFile; fileRef = 081006A72C36904E00578E07 /* UIResponder.swift */; };
		081006AC2C36906900578E07 /* UIScrollView.swift in Sources */ = {isa = PBXBuildFile; fileRef = 081006AB2C36906800578E07 /* UIScrollView.swift */; };
		081006AD2C36906900578E07 /* UIScrollView.swift in Sources */ = {isa = PBXBuildFile; fileRef = 081006AB2C36906800578E07 /* UIScrollView.swift */; };
		081006AE2C36906900578E07 /* UIScrollView.swift in Sources */ = {isa = PBXBuildFile; fileRef = 081006AB2C36906800578E07 /* UIScrollView.swift */; };
		0828F07B2D4BFFDC005D4701 /* UIView.swift in Sources */ = {isa = PBXBuildFile; fileRef = 0828F07A2D4BFFDC005D4701 /* UIView.swift */; };
		0828F07C2D4BFFDC005D4701 /* UIView.swift in Sources */ = {isa = PBXBuildFile; fileRef = 0828F07A2D4BFFDC005D4701 /* UIView.swift */; };
		0828F07D2D4BFFDC005D4701 /* UIView.swift in Sources */ = {isa = PBXBuildFile; fileRef = 0828F07A2D4BFFDC005D4701 /* UIView.swift */; };
		0837001E2CE8CA4F00D67BBF /* TextInput.swift in Sources */ = {isa = PBXBuildFile; fileRef = 0837001D2CE8CA4F00D67BBF /* TextInput.swift */; };
		0837001F2CE8CA4F00D67BBF /* TextInput.swift in Sources */ = {isa = PBXBuildFile; fileRef = 0837001D2CE8CA4F00D67BBF /* TextInput.swift */; };
		083700202CE8CA4F00D67BBF /* TextInput.swift in Sources */ = {isa = PBXBuildFile; fileRef = 0837001D2CE8CA4F00D67BBF /* TextInput.swift */; };
		083C81EB2F6035A5005EDD4C /* KeyboardToolbarGroupTests.swift in Sources */ = {isa = PBXBuildFile; fileRef = 083C81EA2F6035A5005EDD4C /* KeyboardToolbarGroupTests.swift */; };
		0850CCBA2CB49ECC000C0F8D /* SpringAnimationPerformanceTest.swift in Sources */ = {isa = PBXBuildFile; fileRef = 0850CCB92CB49ECC000C0F8D /* SpringAnimationPerformanceTest.swift */; };
		0850CCC22CB49F74000C0F8D /* SpringAnimation.swift in Sources */ = {isa = PBXBuildFile; fileRef = 0850CCBF2CB49F74000C0F8D /* SpringAnimation.swift */; };
		0850CCC32CB49F74000C0F8D /* SpringAnimation.swift in Sources */ = {isa = PBXBuildFile; fileRef = 0850CCBF2CB49F74000C0F8D /* SpringAnimation.swift */; };
		0850CCC42CB49F74000C0F8D /* SpringAnimation.swift in Sources */ = {isa = PBXBuildFile; fileRef = 0850CCBF2CB49F74000C0F8D /* SpringAnimation.swift */; };
		0850CCC52CB49F74000C0F8D /* KeyboardAnimation.swift in Sources */ = {isa = PBXBuildFile; fileRef = 0850CCC02CB49F74000C0F8D /* KeyboardAnimation.swift */; };
		0850CCC62CB49F74000C0F8D /* KeyboardAnimation.swift in Sources */ = {isa = PBXBuildFile; fileRef = 0850CCC02CB49F74000C0F8D /* KeyboardAnimation.swift */; };
		0850CCC72CB49F74000C0F8D /* KeyboardAnimation.swift in Sources */ = {isa = PBXBuildFile; fileRef = 0850CCC02CB49F74000C0F8D /* KeyboardAnimation.swift */; };
		0850CCC82CB49F74000C0F8D /* TimingAnimation.swift in Sources */ = {isa = PBXBuildFile; fileRef = 0850CCC12CB49F74000C0F8D /* TimingAnimation.swift */; };
		0850CCC92CB49F74000C0F8D /* TimingAnimation.swift in Sources */ = {isa = PBXBuildFile; fileRef = 0850CCC12CB49F74000C0F8D /* TimingAnimation.swift */; };
		0850CCCA2CB49F74000C0F8D /* TimingAnimation.swift in Sources */ = {isa = PBXBuildFile; fileRef = 0850CCC12CB49F74000C0F8D /* TimingAnimation.swift */; };
		0850CCCC2CB4A096000C0F8D /* UIUtils.swift in Sources */ = {isa = PBXBuildFile; fileRef = 0850CCCB2CB4A096000C0F8D /* UIUtils.swift */; };
		0850CCCD2CB4A096000C0F8D /* UIUtils.swift in Sources */ = {isa = PBXBuildFile; fileRef = 0850CCCB2CB4A096000C0F8D /* UIUtils.swift */; };
		0850CCCE2CB4A096000C0F8D /* UIUtils.swift in Sources */ = {isa = PBXBuildFile; fileRef = 0850CCCB2CB4A096000C0F8D /* UIUtils.swift */; };
		0873ED562BB6B7380004F3A4 /* KeyboardControllerNativeApp.swift in Sources */ = {isa = PBXBuildFile; fileRef = 0873ED552BB6B7380004F3A4 /* KeyboardControllerNativeApp.swift */; };
		0873ED582BB6B7380004F3A4 /* ContentView.swift in Sources */ = {isa = PBXBuildFile; fileRef = 0873ED572BB6B7380004F3A4 /* ContentView.swift */; };
		0873ED5A2BB6B7390004F3A4 /* Assets.xcassets in Resources */ = {isa = PBXBuildFile; fileRef = 0873ED592BB6B7390004F3A4 /* Assets.xcassets */; };
		0873ED5D2BB6B7390004F3A4 /* Preview Assets.xcassets in Resources */ = {isa = PBXBuildFile; fileRef = 0873ED5C2BB6B7390004F3A4 /* Preview Assets.xcassets */; };
		0873ED672BB6B7390004F3A4 /* KeyboardControllerNativeTests.swift in Sources */ = {isa = PBXBuildFile; fileRef = 0873ED662BB6B7390004F3A4 /* KeyboardControllerNativeTests.swift */; };
		0873ED712BB6B7390004F3A4 /* KeyboardControllerNativeUITests.swift in Sources */ = {isa = PBXBuildFile; fileRef = 0873ED702BB6B7390004F3A4 /* KeyboardControllerNativeUITests.swift */; };
		0873ED732BB6B7390004F3A4 /* KeyboardControllerNativeUITestsLaunchTests.swift in Sources */ = {isa = PBXBuildFile; fileRef = 0873ED722BB6B7390004F3A4 /* KeyboardControllerNativeUITestsLaunchTests.swift */; };
		0873ED822BB6B94B0004F3A4 /* FocusedInputHolder.swift in Sources */ = {isa = PBXBuildFile; fileRef = 0873ED7F2BB6B94B0004F3A4 /* FocusedInputHolder.swift */; };
		0873ED832BB6B94B0004F3A4 /* FocusedInputHolder.swift in Sources */ = {isa = PBXBuildFile; fileRef = 0873ED7F2BB6B94B0004F3A4 /* FocusedInputHolder.swift */; };
		0873ED842BB6B94B0004F3A4 /* FocusedInputHolder.swift in Sources */ = {isa = PBXBuildFile; fileRef = 0873ED7F2BB6B94B0004F3A4 /* FocusedInputHolder.swift */; };
		0873ED882BB6B94B0004F3A4 /* ViewHierarchyNavigator.swift in Sources */ = {isa = PBXBuildFile; fileRef = 0873ED812BB6B94B0004F3A4 /* ViewHierarchyNavigator.swift */; };
		0873ED892BB6B94B0004F3A4 /* ViewHierarchyNavigator.swift in Sources */ = {isa = PBXBuildFile; fileRef = 0873ED812BB6B94B0004F3A4 /* ViewHierarchyNavigator.swift */; };
		0873ED8A2BB6B94B0004F3A4 /* ViewHierarchyNavigator.swift in Sources */ = {isa = PBXBuildFile; fileRef = 0873ED812BB6B94B0004F3A4 /* ViewHierarchyNavigator.swift */; };
		0873ED902BB6B9960004F3A4 /* Extension+UIView.swift in Sources */ = {isa = PBXBuildFile; fileRef = 0873ED8F2BB6B9960004F3A4 /* Extension+UIView.swift */; };
		0873ED912BB6B9960004F3A4 /* Extension+UIView.swift in Sources */ = {isa = PBXBuildFile; fileRef = 0873ED8F2BB6B9960004F3A4 /* Extension+UIView.swift */; };
		0873ED922BB6B9960004F3A4 /* Extension+UIView.swift in Sources */ = {isa = PBXBuildFile; fileRef = 0873ED8F2BB6B9960004F3A4 /* Extension+UIView.swift */; };
		08833D522CB56DB9007D4380 /* TimingAnimationPerformanceTest.swift in Sources */ = {isa = PBXBuildFile; fileRef = 08833D512CB56DB9007D4380 /* TimingAnimationPerformanceTest.swift */; };
		08A184132C4981D700BCE5DE /* UIApplication.swift in Sources */ = {isa = PBXBuildFile; fileRef = 08A184122C4981D700BCE5DE /* UIApplication.swift */; };
		08A184142C4981D700BCE5DE /* UIApplication.swift in Sources */ = {isa = PBXBuildFile; fileRef = 08A184122C4981D700BCE5DE /* UIApplication.swift */; };
		08A184152C4981D700BCE5DE /* UIApplication.swift in Sources */ = {isa = PBXBuildFile; fileRef = 08A184122C4981D700BCE5DE /* UIApplication.swift */; };
		0C93DA88CB072D9A0B499555 /* KeyboardMovementObserver+Animation.swift in Sources */ = {isa = PBXBuildFile; fileRef = 68DB0DA3B936EC877E1140CE /* KeyboardMovementObserver+Animation.swift */; };
		0DCC3A81D285F6D42E87E383 /* Notification.swift in Sources */ = {isa = PBXBuildFile; fileRef = 04DAD08AE4D65D10A38C3879 /* Notification.swift */; };
		0E5BCEED7E293E9683D92828 /* KeyboardAreaExtender.swift in Sources */ = {isa = PBXBuildFile; fileRef = 44B0332A13C47E3311738647 /* KeyboardAreaExtender.swift */; };
		10CB76BAEE6203485BC784F2 /* KeyboardMovementObserver+Listeners.swift in Sources */ = {isa = PBXBuildFile; fileRef = 36C9E1C3C170A24AB8F39FFA /* KeyboardMovementObserver+Listeners.swift */; };
		11FFDE3362ADDFA70C5C2189 /* KeyboardMovementObserver+Interactive.swift in Sources */ = {isa = PBXBuildFile; fileRef = 289E954BB6D8FAA60CA409A7 /* KeyboardMovementObserver+Interactive.swift */; };
		12C6024C9A21797D38E22835 /* UIKeyboardType.swift in Sources */ = {isa = PBXBuildFile; fileRef = AECE61E2624426121BFC0317 /* UIKeyboardType.swift */; };
		1822670024327E85F5A78BE3 /* KeyboardMovementObserver+Watcher.swift in Sources */ = {isa = PBXBuildFile; fileRef = B44847A59BA86F74E69D42D7 /* KeyboardMovementObserver+Watcher.swift */; };
		239E0788440CC5D15CB4AA64 /* Date.swift in Sources */ = {isa = PBXBuildFile; fileRef = 00DC14FC10F37F5B4EB4F33C /* Date.swift */; };
		2FC13AD349FB8017279F3A5A /* KeyboardMovementObserver+Animation.swift in Sources */ = {isa = PBXBuildFile; fileRef = 68DB0DA3B936EC877E1140CE /* KeyboardMovementObserver+Animation.swift */; };
		304C9BA06739581C3C582877 /* KeyboardView.swift in Sources */ = {isa = PBXBuildFile; fileRef = A2BF90C52FB55BC4F17A834B /* KeyboardView.swift */; };
		36000EFF471B01DF22549C4A /* KeyboardMovementObserver+Listeners.swift in Sources */ = {isa = PBXBuildFile; fileRef = 36C9E1C3C170A24AB8F39FFA /* KeyboardMovementObserver+Listeners.swift */; };
		3794EEAE2C69C333C865B198 /* KeyboardOffsetProvider.swift in Sources */ = {isa = PBXBuildFile; fileRef = FEC48FD6C7970F4D30AEE6CF /* KeyboardOffsetProvider.swift */; };
		3B7B5110DBECE9B988D6100B /* CGFloat.swift in Sources */ = {isa = PBXBuildFile; fileRef = 2607C5F482435CED32A5B1B1 /* CGFloat.swift */; };
		3D0D54500429CC973A43B2B3 /* KeyboardMovementObserver+Animation.swift in Sources */ = {isa = PBXBuildFile; fileRef = 68DB0DA3B936EC877E1140CE /* KeyboardMovementObserver+Animation.swift */; };
		3F37BAF1F429A161223B847B /* KeyboardTrackingView.swift in Sources */ = {isa = PBXBuildFile; fileRef = 6C711D2F9E6E1F7A6781716B /* KeyboardTrackingView.swift */; };
		40D55B52FD7F527A38A91251 /* KeyboardEventsIgnorer.swift in Sources */ = {isa = PBXBuildFile; fileRef = C490EF9BB03C96CBAE3F0012 /* KeyboardEventsIgnorer.swift */; };
		446373EADAFA290089B9038C /* KeyboardMovementObserver+Lifecycle.swift in Sources */ = {isa = PBXBuildFile; fileRef = D37192D544536BFB1FAE881A /* KeyboardMovementObserver+Lifecycle.swift */; };
		475036A17D20BFD8412FD74B /* KeyboardEventEmitterPayload.swift in Sources */ = {isa = PBXBuildFile; fileRef = 04F4BA0BF9FC61A7D319C3AC /* KeyboardEventEmitterPayload.swift */; };
		4808A76715DCD6F6B83CFA47 /* KeyboardViewLocator.swift in Sources */ = {isa = PBXBuildFile; fileRef = 225244720A62B9EB89F2D74C /* KeyboardViewLocator.swift */; };
		503F24A44F7FA098462268DE /* KeyboardMovementObserver+Watcher.swift in Sources */ = {isa = PBXBuildFile; fileRef = B44847A59BA86F74E69D42D7 /* KeyboardMovementObserver+Watcher.swift */; };
		5302E20D6413115FA14D93A4 /* Notification.swift in Sources */ = {isa = PBXBuildFile; fileRef = 04DAD08AE4D65D10A38C3879 /* Notification.swift */; };
		53CE36685EA84AB927A51A77 /* KeyboardEventEmitterPayload.swift in Sources */ = {isa = PBXBuildFile; fileRef = 04F4BA0BF9FC61A7D319C3AC /* KeyboardEventEmitterPayload.swift */; };
		604402D0D78E2F45AECC6B07 /* KeyboardTrackingView.swift in Sources */ = {isa = PBXBuildFile; fileRef = 6C711D2F9E6E1F7A6781716B /* KeyboardTrackingView.swift */; };
		62280614FC97DF770FB53015 /* KeyboardTrackingView.swift in Sources */ = {isa = PBXBuildFile; fileRef = 6C711D2F9E6E1F7A6781716B /* KeyboardTrackingView.swift */; };
		62441DB9A593B2C02F73679C /* KeyboardControllerConfiguration.swift in Sources */ = {isa = PBXBuildFile; fileRef = 804B609FABEEC272349CDF2A /* KeyboardControllerConfiguration.swift */; };
		64A259590C5EC3CEC4EC16C4 /* KeyboardMovementObserverTests.swift in Sources */ = {isa = PBXBuildFile; fileRef = 6B6F798F30F5F0821FC8FEF9 /* KeyboardMovementObserverTests.swift */; };
		6D4B8A57CCB070B76E715F6B /* KeyboardMovementObserver+Interactive.swift in Sources */ = {isa = PBXBuildFile; fileRef = 289E954BB6D8FAA60CA409A7 /* KeyboardMovementObserver+Interactive.swift */; };
		713FF7821F8BBD14873459C9 /* KeyboardAreaExtender.swift in Sources */ = {isa = PBXBuildFile; fileRef = 44B0332A13C47E3311738647 /* KeyboardAreaExtender.swift */; };
		7AA333E766C52332B961D727 /* KeyboardView.swift in Sources */ = {isa = PBXBuildFile; fileRef = A2BF90C52FB55BC4F17A834B /* KeyboardView.swift */; };
		82719BB2A6DA37259AF8130F /* KeyboardMovementObserver+Lifecycle.swift in Sources */ = {isa = PBXBuildFile; fileRef = D37192D544536BFB1FAE881A /* KeyboardMovementObserver+Lifecycle.swift */; };
		82D540527E16EC4585B6153D /* Date.swift in Sources */ = {isa = PBXBuildFile; fileRef = 00DC14FC10F37F5B4EB4F33C /* Date.swift */; };
		82E7A01DBEF4ECAF1977A1B3 /* KeyboardViewLocator.swift in Sources */ = {isa = PBXBuildFile; fileRef = 225244720A62B9EB89F2D74C /* KeyboardViewLocator.swift */; };
		86BB937187791D642B58A8CA /* UIKeyboardType.swift in Sources */ = {isa = PBXBuildFile; fileRef = AECE61E2624426121BFC0317 /* UIKeyboardType.swift */; };
		88E31BD2437B480996669A49 /* Notification.swift in Sources */ = {isa = PBXBuildFile; fileRef = 04DAD08AE4D65D10A38C3879 /* Notification.swift */; };
		8A9299BFB9F6996F74480B8A /* String.swift in Sources */ = {isa = PBXBuildFile; fileRef = B0D16D45B22D3D61EAF411CC /* String.swift */; };
		8E9FB6DAE2BE02864A7D0AFF /* KeyboardAreaExtender.swift in Sources */ = {isa = PBXBuildFile; fileRef = 44B0332A13C47E3311738647 /* KeyboardAreaExtender.swift */; };
		90BD33D01EB535FEF3595AA8 /* InvisibleInputAccessoryView.swift in Sources */ = {isa = PBXBuildFile; fileRef = B550995449A8F8CFCB2963DC /* InvisibleInputAccessoryView.swift */; };
		916EA871CF09688F1578048C /* KeyboardMovementObserver.swift in Sources */ = {isa = PBXBuildFile; fileRef = CE7993A5437C2FBD29BCAF57 /* KeyboardMovementObserver.swift */; };
		91B36E7887CED56A245E04A4 /* String.swift in Sources */ = {isa = PBXBuildFile; fileRef = B0D16D45B22D3D61EAF411CC /* String.swift */; };
		91F9A7870B756FBFF898D339 /* KeyboardMovementObserver+Interactive.swift in Sources */ = {isa = PBXBuildFile; fileRef = 289E954BB6D8FAA60CA409A7 /* KeyboardMovementObserver+Interactive.swift */; };
		96305B6E2813BEF1AD888604 /* KeyboardView.swift in Sources */ = {isa = PBXBuildFile; fileRef = A2BF90C52FB55BC4F17A834B /* KeyboardView.swift */; };
		AB4590CFBBC3AEF25FB3C2EE /* KeyboardOffsetProvider.swift in Sources */ = {isa = PBXBuildFile; fileRef = FEC48FD6C7970F4D30AEE6CF /* KeyboardOffsetProvider.swift */; };
		AB6BA12CE8088C705BC983B3 /* InvisibleInputAccessoryView.swift in Sources */ = {isa = PBXBuildFile; fileRef = B550995449A8F8CFCB2963DC /* InvisibleInputAccessoryView.swift */; };
		B40703FD97B48E285AF44740 /* KeyboardMovementObserver.swift in Sources */ = {isa = PBXBuildFile; fileRef = CE7993A5437C2FBD29BCAF57 /* KeyboardMovementObserver.swift */; };
		BC9A05A1970AC8E4A2CB0547 /* UIKeyboardType.swift in Sources */ = {isa = PBXBuildFile; fileRef = AECE61E2624426121BFC0317 /* UIKeyboardType.swift */; };
		BFD4BDCB87D2AF514EBD4605 /* Date.swift in Sources */ = {isa = PBXBuildFile; fileRef = 00DC14FC10F37F5B4EB4F33C /* Date.swift */; };
		CB3BD33C7CAF58A3C37E4BCD /* CGFloat.swift in Sources */ = {isa = PBXBuildFile; fileRef = 2607C5F482435CED32A5B1B1 /* CGFloat.swift */; };
		D45562C734D8BDD07755BF04 /* KeyboardControllerConfiguration.swift in Sources */ = {isa = PBXBuildFile; fileRef = 804B609FABEEC272349CDF2A /* KeyboardControllerConfiguration.swift */; };
		D73E8C4FF6EDC2F2829195EF /* KeyboardMovementObserver.swift in Sources */ = {isa = PBXBuildFile; fileRef = CE7993A5437C2FBD29BCAF57 /* KeyboardMovementObserver.swift */; };
		D94BBF1F02AD34C090D66803 /* KeyboardControllerConfiguration.swift in Sources */ = {isa = PBXBuildFile; fileRef = 804B609FABEEC272349CDF2A /* KeyboardControllerConfiguration.swift */; };
		DAB59363C0059FDA60AD1620 /* KeyboardMovementObserver+Lifecycle.swift in Sources */ = {isa = PBXBuildFile; fileRef = D37192D544536BFB1FAE881A /* KeyboardMovementObserver+Lifecycle.swift */; };
		DC7E5A02F6C418E4EBF0F699 /* CGFloat.swift in Sources */ = {isa = PBXBuildFile; fileRef = 2607C5F482435CED32A5B1B1 /* CGFloat.swift */; };
		DD54D38325F20DBAABA80671 /* KeyboardEventsIgnorer.swift in Sources */ = {isa = PBXBuildFile; fileRef = C490EF9BB03C96CBAE3F0012 /* KeyboardEventsIgnorer.swift */; };
		DD691393871B01CB593AFA14 /* KeyboardOffsetProvider.swift in Sources */ = {isa = PBXBuildFile; fileRef = FEC48FD6C7970F4D30AEE6CF /* KeyboardOffsetProvider.swift */; };
		DF1728302F048E2FC12BB346 /* String.swift in Sources */ = {isa = PBXBuildFile; fileRef = B0D16D45B22D3D61EAF411CC /* String.swift */; };
		DF4E8DE93F64A68E606C5F9D /* KeyboardViewLocator.swift in Sources */ = {isa = PBXBuildFile; fileRef = 225244720A62B9EB89F2D74C /* KeyboardViewLocator.swift */; };
		DFB8FB8A27F7327D567A4133 /* KeyboardMovementObserver+Listeners.swift in Sources */ = {isa = PBXBuildFile; fileRef = 36C9E1C3C170A24AB8F39FFA /* KeyboardMovementObserver+Listeners.swift */; };
		F20D6558A505F4D98C156B7C /* KeyboardEventsIgnorer.swift in Sources */ = {isa = PBXBuildFile; fileRef = C490EF9BB03C96CBAE3F0012 /* KeyboardEventsIgnorer.swift */; };
		F8068C49BA2754FFF4C538EB /* InvisibleInputAccessoryView.swift in Sources */ = {isa = PBXBuildFile; fileRef = B550995449A8F8CFCB2963DC /* InvisibleInputAccessoryView.swift */; };
		F95C51D57334800F4C3C277B /* KeyboardMovementObserver+Watcher.swift in Sources */ = {isa = PBXBuildFile; fileRef = B44847A59BA86F74E69D42D7 /* KeyboardMovementObserver+Watcher.swift */; };
		FEF211CC3DE63774EBDDEC21 /* KeyboardEventEmitterPayload.swift in Sources */ = {isa = PBXBuildFile; fileRef = 04F4BA0BF9FC61A7D319C3AC /* KeyboardEventEmitterPayload.swift */; };
/* End PBXBuildFile section */

/* Begin PBXContainerItemProxy section */
		0873ED632BB6B7390004F3A4 /* PBXContainerItemProxy */ = {
			isa = PBXContainerItemProxy;
			containerPortal = 0873ED4A2BB6B7380004F3A4 /* Project object */;
			proxyType = 1;
			remoteGlobalIDString = 0873ED512BB6B7380004F3A4;
			remoteInfo = KeyboardControllerNative;
		};
		0873ED6D2BB6B7390004F3A4 /* PBXContainerItemProxy */ = {
			isa = PBXContainerItemProxy;
			containerPortal = 0873ED4A2BB6B7380004F3A4 /* Project object */;
			proxyType = 1;
			remoteGlobalIDString = 0873ED512BB6B7380004F3A4;
			remoteInfo = KeyboardControllerNative;
		};
/* End PBXContainerItemProxy section */

/* Begin PBXFileReference section */
		00DC14FC10F37F5B4EB4F33C /* Date.swift */ = {isa = PBXFileReference; includeInIndex = 1; lastKnownFileType = sourcecode.swift; name = Date.swift; path = ../../extensions/Date.swift; sourceTree = "<group>"; };
		04DAD08AE4D65D10A38C3879 /* Notification.swift */ = {isa = PBXFileReference; includeInIndex = 1; lastKnownFileType = sourcecode.swift; name = Notification.swift; path = ../../extensions/Notification.swift; sourceTree = "<group>"; };
		04F4BA0BF9FC61A7D319C3AC /* KeyboardEventEmitterPayload.swift */ = {isa = PBXFileReference; includeInIndex = 1; lastKnownFileType = sourcecode.swift; name = KeyboardEventEmitterPayload.swift; path = ../../events/KeyboardEventEmitterPayload.swift; sourceTree = "<group>"; };
		081006A72C36904E00578E07 /* UIResponder.swift */ = {isa = PBXFileReference; fileEncoding = 4; lastKnownFileType = sourcecode.swift; name = UIResponder.swift; path = ../../extensions/UIResponder.swift; sourceTree = "<group>"; };
		081006AB2C36906800578E07 /* UIScrollView.swift */ = {isa = PBXFileReference; fileEncoding = 4; lastKnownFileType = sourcecode.swift; name = UIScrollView.swift; path = ../../extensions/UIScrollView.swift; sourceTree = "<group>"; };
		0828F07A2D4BFFDC005D4701 /* UIView.swift */ = {isa = PBXFileReference; lastKnownFileType = sourcecode.swift; name = UIView.swift; path = ../extensions/UIView.swift; sourceTree = SOURCE_ROOT; };
		0837001D2CE8CA4F00D67BBF /* TextInput.swift */ = {isa = PBXFileReference; lastKnownFileType = sourcecode.swift; name = TextInput.swift; path = ../protocols/TextInput.swift; sourceTree = SOURCE_ROOT; };
		083C81EA2F6035A5005EDD4C /* KeyboardToolbarGroupTests.swift */ = {isa = PBXFileReference; lastKnownFileType = sourcecode.swift; path = KeyboardToolbarGroupTests.swift; sourceTree = "<group>"; };
		0850CCB92CB49ECC000C0F8D /* SpringAnimationPerformanceTest.swift */ = {isa = PBXFileReference; lastKnownFileType = sourcecode.swift; path = SpringAnimationPerformanceTest.swift; sourceTree = "<group>"; };
		0850CCBF2CB49F74000C0F8D /* SpringAnimation.swift */ = {isa = PBXFileReference; fileEncoding = 4; lastKnownFileType = sourcecode.swift; name = SpringAnimation.swift; path = ../../animations/SpringAnimation.swift; sourceTree = "<group>"; };
		0850CCC02CB49F74000C0F8D /* KeyboardAnimation.swift */ = {isa = PBXFileReference; fileEncoding = 4; lastKnownFileType = sourcecode.swift; name = KeyboardAnimation.swift; path = ../../animations/KeyboardAnimation.swift; sourceTree = "<group>"; };
		0850CCC12CB49F74000C0F8D /* TimingAnimation.swift */ = {isa = PBXFileReference; fileEncoding = 4; lastKnownFileType = sourcecode.swift; name = TimingAnimation.swift; path = ../../animations/TimingAnimation.swift; sourceTree = "<group>"; };
		0850CCCB2CB4A096000C0F8D /* UIUtils.swift */ = {isa = PBXFileReference; fileEncoding = 4; lastKnownFileType = sourcecode.swift; name = UIUtils.swift; path = ../../core/UIUtils.swift; sourceTree = "<group>"; };
		0873ED522BB6B7380004F3A4 /* KeyboardControllerNative.app */ = {isa = PBXFileReference; explicitFileType = wrapper.application; includeInIndex = 0; path = KeyboardControllerNative.app; sourceTree = BUILT_PRODUCTS_DIR; };
		0873ED552BB6B7380004F3A4 /* KeyboardControllerNativeApp.swift */ = {isa = PBXFileReference; lastKnownFileType = sourcecode.swift; path = KeyboardControllerNativeApp.swift; sourceTree = "<group>"; };
		0873ED572BB6B7380004F3A4 /* ContentView.swift */ = {isa = PBXFileReference; lastKnownFileType = sourcecode.swift; path = ContentView.swift; sourceTree = "<group>"; };
		0873ED592BB6B7390004F3A4 /* Assets.xcassets */ = {isa = PBXFileReference; lastKnownFileType = folder.assetcatalog; path = Assets.xcassets; sourceTree = "<group>"; };
		0873ED5C2BB6B7390004F3A4 /* Preview Assets.xcassets */ = {isa = PBXFileReference; lastKnownFileType = folder.assetcatalog; path = "Preview Assets.xcassets"; sourceTree = "<group>"; };
		0873ED622BB6B7390004F3A4 /* KeyboardControllerNativeTests.xctest */ = {isa = PBXFileReference; explicitFileType = wrapper.cfbundle; includeInIndex = 0; path = KeyboardControllerNativeTests.xctest; sourceTree = BUILT_PRODUCTS_DIR; };
		0873ED662BB6B7390004F3A4 /* KeyboardControllerNativeTests.swift */ = {isa = PBXFileReference; lastKnownFileType = sourcecode.swift; path = KeyboardControllerNativeTests.swift; sourceTree = "<group>"; };
		0873ED6C2BB6B7390004F3A4 /* KeyboardControllerNativeUITests.xctest */ = {isa = PBXFileReference; explicitFileType = wrapper.cfbundle; includeInIndex = 0; path = KeyboardControllerNativeUITests.xctest; sourceTree = BUILT_PRODUCTS_DIR; };
		0873ED702BB6B7390004F3A4 /* KeyboardControllerNativeUITests.swift */ = {isa = PBXFileReference; lastKnownFileType = sourcecode.swift; path = KeyboardControllerNativeUITests.swift; sourceTree = "<group>"; };
		0873ED722BB6B7390004F3A4 /* KeyboardControllerNativeUITestsLaunchTests.swift */ = {isa = PBXFileReference; lastKnownFileType = sourcecode.swift; path = KeyboardControllerNativeUITestsLaunchTests.swift; sourceTree = "<group>"; };
		0873ED7F2BB6B94B0004F3A4 /* FocusedInputHolder.swift */ = {isa = PBXFileReference; fileEncoding = 4; lastKnownFileType = sourcecode.swift; name = FocusedInputHolder.swift; path = ../../traversal/FocusedInputHolder.swift; sourceTree = "<group>"; };
		0873ED812BB6B94B0004F3A4 /* ViewHierarchyNavigator.swift */ = {isa = PBXFileReference; fileEncoding = 4; lastKnownFileType = sourcecode.swift; name = ViewHierarchyNavigator.swift; path = ../../traversal/ViewHierarchyNavigator.swift; sourceTree = "<group>"; };
		0873ED8F2BB6B9960004F3A4 /* Extension+UIView.swift */ = {isa = PBXFileReference; fileEncoding = 4; lastKnownFileType = sourcecode.swift; path = "Extension+UIView.swift"; sourceTree = "<group>"; };
		08833D512CB56DB9007D4380 /* TimingAnimationPerformanceTest.swift */ = {isa = PBXFileReference; lastKnownFileType = sourcecode.swift; path = TimingAnimationPerformanceTest.swift; sourceTree = "<group>"; };
		08A184122C4981D700BCE5DE /* UIApplication.swift */ = {isa = PBXFileReference; fileEncoding = 4; lastKnownFileType = sourcecode.swift; name = UIApplication.swift; path = ../../extensions/UIApplication.swift; sourceTree = "<group>"; };
		225244720A62B9EB89F2D74C /* KeyboardViewLocator.swift */ = {isa = PBXFileReference; includeInIndex = 1; lastKnownFileType = sourcecode.swift; name = KeyboardViewLocator.swift; path = ../../observers/movement/KeyboardViewLocator.swift; sourceTree = "<group>"; };
		2607C5F482435CED32A5B1B1 /* CGFloat.swift */ = {isa = PBXFileReference; includeInIndex = 1; lastKnownFileType = sourcecode.swift; name = CGFloat.swift; path = ../../extensions/CGFloat.swift; sourceTree = "<group>"; };
		289E954BB6D8FAA60CA409A7 /* KeyboardMovementObserver+Interactive.swift */ = {isa = PBXFileReference; includeInIndex = 1; lastKnownFileType = sourcecode.swift; name = "KeyboardMovementObserver+Interactive.swift"; path = "../../observers/movement/observer/KeyboardMovementObserver+Interactive.swift"; sourceTree = "<group>"; };
		36C9E1C3C170A24AB8F39FFA /* KeyboardMovementObserver+Listeners.swift */ = {isa = PBXFileReference; includeInIndex = 1; lastKnownFileType = sourcecode.swift; name = "KeyboardMovementObserver+Listeners.swift"; path = "../../observers/movement/observer/KeyboardMovementObserver+Listeners.swift"; sourceTree = "<group>"; };
		44B0332A13C47E3311738647 /* KeyboardAreaExtender.swift */ = {isa = PBXFileReference; includeInIndex = 1; lastKnownFileType = sourcecode.swift; name = KeyboardAreaExtender.swift; path = ../../interactive/KeyboardAreaExtender.swift; sourceTree = "<group>"; };
		68DB0DA3B936EC877E1140CE /* KeyboardMovementObserver+Animation.swift */ = {isa = PBXFileReference; includeInIndex = 1; lastKnownFileType = sourcecode.swift; name = "KeyboardMovementObserver+Animation.swift"; path = "../../observers/movement/observer/KeyboardMovementObserver+Animation.swift"; sourceTree = "<group>"; };
		6B6F798F30F5F0821FC8FEF9 /* KeyboardMovementObserverTests.swift */ = {isa = PBXFileReference; includeInIndex = 1; lastKnownFileType = sourcecode.swift; path = KeyboardMovementObserverTests.swift; sourceTree = "<group>"; };
		6C711D2F9E6E1F7A6781716B /* KeyboardTrackingView.swift */ = {isa = PBXFileReference; includeInIndex = 1; lastKnownFileType = sourcecode.swift; name = KeyboardTrackingView.swift; path = ../../observers/movement/KeyboardTrackingView.swift; sourceTree = "<group>"; };
		804B609FABEEC272349CDF2A /* KeyboardControllerConfiguration.swift */ = {isa = PBXFileReference; includeInIndex = 1; lastKnownFileType = sourcecode.swift; name = KeyboardControllerConfiguration.swift; path = ../../core/KeyboardControllerConfiguration.swift; sourceTree = "<group>"; };
		A2BF90C52FB55BC4F17A834B /* KeyboardView.swift */ = {isa = PBXFileReference; includeInIndex = 1; lastKnownFileType = sourcecode.swift; name = KeyboardView.swift; path = ../../traversal/KeyboardView.swift; sourceTree = "<group>"; };
		AECE61E2624426121BFC0317 /* UIKeyboardType.swift */ = {isa = PBXFileReference; includeInIndex = 1; lastKnownFileType = sourcecode.swift; name = UIKeyboardType.swift; path = ../../extensions/UIKeyboardType.swift; sourceTree = "<group>"; };
		B0D16D45B22D3D61EAF411CC /* String.swift */ = {isa = PBXFileReference; includeInIndex = 1; lastKnownFileType = sourcecode.swift; name = String.swift; path = ../../extensions/String.swift; sourceTree = "<group>"; };
		B44847A59BA86F74E69D42D7 /* KeyboardMovementObserver+Watcher.swift */ = {isa = PBXFileReference; includeInIndex = 1; lastKnownFileType = sourcecode.swift; name = "KeyboardMovementObserver+Watcher.swift"; path = "../../observers/movement/observer/KeyboardMovementObserver+Watcher.swift"; sourceTree = "<group>"; };
		B550995449A8F8CFCB2963DC /* InvisibleInputAccessoryView.swift */ = {isa = PBXFileReference; includeInIndex = 1; lastKnownFileType = sourcecode.swift; name = InvisibleInputAccessoryView.swift; path = ../../interactive/InvisibleInputAccessoryView.swift; sourceTree = "<group>"; };
		C490EF9BB03C96CBAE3F0012 /* KeyboardEventsIgnorer.swift */ = {isa = PBXFileReference; includeInIndex = 1; lastKnownFileType = sourcecode.swift; name = KeyboardEventsIgnorer.swift; path = ../../observers/movement/KeyboardEventsIgnorer.swift; sourceTree = "<group>"; };
		CE7993A5437C2FBD29BCAF57 /* KeyboardMovementObserver.swift */ = {isa = PBXFileReference; includeInIndex = 1; lastKnownFileType = sourcecode.swift; name = KeyboardMovementObserver.swift; path = ../../observers/movement/observer/KeyboardMovementObserver.swift; sourceTree = "<group>"; };
		D37192D544536BFB1FAE881A /* KeyboardMovementObserver+Lifecycle.swift */ = {isa = PBXFileReference; includeInIndex = 1; lastKnownFileType = sourcecode.swift; name = "KeyboardMovementObserver+Lifecycle.swift"; path = "../../observers/movement/observer/KeyboardMovementObserver+Lifecycle.swift"; sourceTree = "<group>"; };
		FEC48FD6C7970F4D30AEE6CF /* KeyboardOffsetProvider.swift */ = {isa = PBXFileReference; includeInIndex = 1; lastKnownFileType = sourcecode.swift; name = KeyboardOffsetProvider.swift; path = ../../interactive/KeyboardOffsetProvider.swift; sourceTree = "<group>"; };
/* End PBXFileReference section */

/* Begin PBXFrameworksBuildPhase section */
		0873ED4F2BB6B7380004F3A4 /* Frameworks */ = {
			isa = PBXFrameworksBuildPhase;
			buildActionMask = 2147483647;
			files = (
			);
			runOnlyForDeploymentPostprocessing = 0;
		};
		0873ED5F2BB6B7390004F3A4 /* Frameworks */ = {
			isa = PBXFrameworksBuildPhase;
			buildActionMask = 2147483647;
			files = (
			);
			runOnlyForDeploymentPostprocessing = 0;
		};
		0873ED692BB6B7390004F3A4 /* Frameworks */ = {
			isa = PBXFrameworksBuildPhase;
			buildActionMask = 2147483647;
			files = (
			);
			runOnlyForDeploymentPostprocessing = 0;
		};
/* End PBXFrameworksBuildPhase section */

/* Begin PBXGroup section */
		0873ED492BB6B7380004F3A4 = {
			isa = PBXGroup;
			children = (
				0873ED542BB6B7380004F3A4 /* KeyboardControllerNative */,
				0873ED652BB6B7390004F3A4 /* KeyboardControllerNativeTests */,
				0873ED6F2BB6B7390004F3A4 /* KeyboardControllerNativeUITests */,
				0873ED532BB6B7380004F3A4 /* Products */,
			);
			sourceTree = "<group>";
		};
		0873ED532BB6B7380004F3A4 /* Products */ = {
			isa = PBXGroup;
			children = (
				0873ED522BB6B7380004F3A4 /* KeyboardControllerNative.app */,
				0873ED622BB6B7390004F3A4 /* KeyboardControllerNativeTests.xctest */,
				0873ED6C2BB6B7390004F3A4 /* KeyboardControllerNativeUITests.xctest */,
			);
			name = Products;
			sourceTree = "<group>";
		};
		0873ED542BB6B7380004F3A4 /* KeyboardControllerNative */ = {
			isa = PBXGroup;
			children = (
				0828F07A2D4BFFDC005D4701 /* UIView.swift */,
				0837001D2CE8CA4F00D67BBF /* TextInput.swift */,
				0850CCCB2CB4A096000C0F8D /* UIUtils.swift */,
				0850CCC02CB49F74000C0F8D /* KeyboardAnimation.swift */,
				0850CCBF2CB49F74000C0F8D /* SpringAnimation.swift */,
				0850CCC12CB49F74000C0F8D /* TimingAnimation.swift */,
				08A184122C4981D700BCE5DE /* UIApplication.swift */,
				081006AB2C36906800578E07 /* UIScrollView.swift */,
				081006A72C36904E00578E07 /* UIResponder.swift */,
				0873ED8F2BB6B9960004F3A4 /* Extension+UIView.swift */,
				0873ED7F2BB6B94B0004F3A4 /* FocusedInputHolder.swift */,
				0873ED812BB6B94B0004F3A4 /* ViewHierarchyNavigator.swift */,
				0873ED552BB6B7380004F3A4 /* KeyboardControllerNativeApp.swift */,
				0873ED572BB6B7380004F3A4 /* ContentView.swift */,
				0873ED592BB6B7390004F3A4 /* Assets.xcassets */,
				0873ED5B2BB6B7390004F3A4 /* Preview Content */,
				CE7993A5437C2FBD29BCAF57 /* KeyboardMovementObserver.swift */,
				68DB0DA3B936EC877E1140CE /* KeyboardMovementObserver+Animation.swift */,
				289E954BB6D8FAA60CA409A7 /* KeyboardMovementObserver+Interactive.swift */,
				D37192D544536BFB1FAE881A /* KeyboardMovementObserver+Lifecycle.swift */,
				36C9E1C3C170A24AB8F39FFA /* KeyboardMovementObserver+Listeners.swift */,
				B44847A59BA86F74E69D42D7 /* KeyboardMovementObserver+Watcher.swift */,
				C490EF9BB03C96CBAE3F0012 /* KeyboardEventsIgnorer.swift */,
				6C711D2F9E6E1F7A6781716B /* KeyboardTrackingView.swift */,
				225244720A62B9EB89F2D74C /* KeyboardViewLocator.swift */,
				04DAD08AE4D65D10A38C3879 /* Notification.swift */,
				2607C5F482435CED32A5B1B1 /* CGFloat.swift */,
				44B0332A13C47E3311738647 /* KeyboardAreaExtender.swift */,
				B550995449A8F8CFCB2963DC /* InvisibleInputAccessoryView.swift */,
				FEC48FD6C7970F4D30AEE6CF /* KeyboardOffsetProvider.swift */,
				04F4BA0BF9FC61A7D319C3AC /* KeyboardEventEmitterPayload.swift */,
				804B609FABEEC272349CDF2A /* KeyboardControllerConfiguration.swift */,
				A2BF90C52FB55BC4F17A834B /* KeyboardView.swift */,
				00DC14FC10F37F5B4EB4F33C /* Date.swift */,
				AECE61E2624426121BFC0317 /* UIKeyboardType.swift */,
				B0D16D45B22D3D61EAF411CC /* String.swift */,
			);
			path = KeyboardControllerNative;
			sourceTree = "<group>";
		};
		0873ED5B2BB6B7390004F3A4 /* Preview Content */ = {
			isa = PBXGroup;
			children = (
				0873ED5C2BB6B7390004F3A4 /* Preview Assets.xcassets */,
			);
			path = "Preview Content";
			sourceTree = "<group>";
		};
		0873ED652BB6B7390004F3A4 /* KeyboardControllerNativeTests */ = {
			isa = PBXGroup;
			children = (
				083C81EA2F6035A5005EDD4C /* KeyboardToolbarGroupTests.swift */,
				0873ED662BB6B7390004F3A4 /* KeyboardControllerNativeTests.swift */,
				0850CCB92CB49ECC000C0F8D /* SpringAnimationPerformanceTest.swift */,
				08833D512CB56DB9007D4380 /* TimingAnimationPerformanceTest.swift */,
				6B6F798F30F5F0821FC8FEF9 /* KeyboardMovementObserverTests.swift */,
			);
			path = KeyboardControllerNativeTests;
			sourceTree = "<group>";
		};
		0873ED6F2BB6B7390004F3A4 /* KeyboardControllerNativeUITests */ = {
			isa = PBXGroup;
			children = (
				0873ED702BB6B7390004F3A4 /* KeyboardControllerNativeUITests.swift */,
				0873ED722BB6B7390004F3A4 /* KeyboardControllerNativeUITestsLaunchTests.swift */,
			);
			path = KeyboardControllerNativeUITests;
			sourceTree = "<group>";
		};
/* End PBXGroup section */

/* Begin PBXNativeTarget section */
		0873ED512BB6B7380004F3A4 /* KeyboardControllerNative */ = {
			isa = PBXNativeTarget;
			buildConfigurationList = 0873ED762BB6B7390004F3A4 /* Build configuration list for PBXNativeTarget "KeyboardControllerNative" */;
			buildPhases = (
				0873ED4E2BB6B7380004F3A4 /* Sources */,
				0873ED4F2BB6B7380004F3A4 /* Frameworks */,
				0873ED502BB6B7380004F3A4 /* Resources */,
			);
			buildRules = (
			);
			dependencies = (
			);
			name = KeyboardControllerNative;
			productName = KeyboardControllerNative;
			productReference = 0873ED522BB6B7380004F3A4 /* KeyboardControllerNative.app */;
			productType = "com.apple.product-type.application";
		};
		0873ED612BB6B7390004F3A4 /* KeyboardControllerNativeTests */ = {
			isa = PBXNativeTarget;
			buildConfigurationList = 0873ED792BB6B7390004F3A4 /* Build configuration list for PBXNativeTarget "KeyboardControllerNativeTests" */;
			buildPhases = (
				0873ED5E2BB6B7390004F3A4 /* Sources */,
				0873ED5F2BB6B7390004F3A4 /* Frameworks */,
				0873ED602BB6B7390004F3A4 /* Resources */,
			);
			buildRules = (
			);
			dependencies = (
				0873ED642BB6B7390004F3A4 /* PBXTargetDependency */,
			);
			name = KeyboardControllerNativeTests;
			productName = KeyboardControllerNativeTests;
			productReference = 0873ED622BB6B7390004F3A4 /* KeyboardControllerNativeTests.xctest */;
			productType = "com.apple.product-type.bundle.unit-test";
		};
		0873ED6B2BB6B7390004F3A4 /* KeyboardControllerNativeUITests */ = {
			isa = PBXNativeTarget;
			buildConfigurationList = 0873ED7C2BB6B7390004F3A4 /* Build configuration list for PBXNativeTarget "KeyboardControllerNativeUITests" */;
			buildPhases = (
				0873ED682BB6B7390004F3A4 /* Sources */,
				0873ED692BB6B7390004F3A4 /* Frameworks */,
				0873ED6A2BB6B7390004F3A4 /* Resources */,
			);
			buildRules = (
			);
			dependencies = (
				0873ED6E2BB6B7390004F3A4 /* PBXTargetDependency */,
			);
			name = KeyboardControllerNativeUITests;
			productName = KeyboardControllerNativeUITests;
			productReference = 0873ED6C2BB6B7390004F3A4 /* KeyboardControllerNativeUITests.xctest */;
			productType = "com.apple.product-type.bundle.ui-testing";
		};
/* End PBXNativeTarget section */

/* Begin PBXProject section */
		0873ED4A2BB6B7380004F3A4 /* Project object */ = {
			isa = PBXProject;
			attributes = {
				BuildIndependentTargetsInParallel = 1;
				LastSwiftUpdateCheck = 1530;
				LastUpgradeCheck = 1530;
				TargetAttributes = {
					0873ED512BB6B7380004F3A4 = {
						CreatedOnToolsVersion = 15.3;
					};
					0873ED612BB6B7390004F3A4 = {
						CreatedOnToolsVersion = 15.3;
						TestTargetID = 0873ED512BB6B7380004F3A4;
					};
					0873ED6B2BB6B7390004F3A4 = {
						CreatedOnToolsVersion = 15.3;
						TestTargetID = 0873ED512BB6B7380004F3A4;
					};
				};
			};
			buildConfigurationList = 0873ED4D2BB6B7380004F3A4 /* Build configuration list for PBXProject "KeyboardControllerNative" */;
			compatibilityVersion = "Xcode 14.0";
			developmentRegion = en;
			hasScannedForEncodings = 0;
			knownRegions = (
				en,
				Base,
			);
			mainGroup = 0873ED492BB6B7380004F3A4;
			productRefGroup = 0873ED532BB6B7380004F3A4 /* Products */;
			projectDirPath = "";
			projectRoot = "";
			targets = (
				0873ED512BB6B7380004F3A4 /* KeyboardControllerNative */,
				0873ED612BB6B7390004F3A4 /* KeyboardControllerNativeTests */,
				0873ED6B2BB6B7390004F3A4 /* KeyboardControllerNativeUITests */,
			);
		};
/* End PBXProject section */

/* Begin PBXResourcesBuildPhase section */
		0873ED502BB6B7380004F3A4 /* Resources */ = {
			isa = PBXResourcesBuildPhase;
			buildActionMask = 2147483647;
			files = (
				0873ED5D2BB6B7390004F3A4 /* Preview Assets.xcassets in Resources */,
				0873ED5A2BB6B7390004F3A4 /* Assets.xcassets in Resources */,
			);
			runOnlyForDeploymentPostprocessing = 0;
		};
		0873ED602BB6B7390004F3A4 /* Resources */ = {
			isa = PBXResourcesBuildPhase;
			buildActionMask = 2147483647;
			files = (
			);
			runOnlyForDeploymentPostprocessing = 0;
		};
		0873ED6A2BB6B7390004F3A4 /* Resources */ = {
			isa = PBXResourcesBuildPhase;
			buildActionMask = 2147483647;
			files = (
			);
			runOnlyForDeploymentPostprocessing = 0;
		};
/* End PBXResourcesBuildPhase section */

/* Begin PBXSourcesBuildPhase section */
		0873ED4E2BB6B7380004F3A4 /* Sources */ = {
			isa = PBXSourcesBuildPhase;
			buildActionMask = 2147483647;
			files = (
				0850CCC82CB49F74000C0F8D /* TimingAnimation.swift in Sources */,
				08A184132C4981D700BCE5DE /* UIApplication.swift in Sources */,
				0873ED902BB6B9960004F3A4 /* Extension+UIView.swift in Sources */,
				0873ED582BB6B7380004F3A4 /* ContentView.swift in Sources */,
				0873ED562BB6B7380004F3A4 /* KeyboardControllerNativeApp.swift in Sources */,
				0873ED882BB6B94B0004F3A4 /* ViewHierarchyNavigator.swift in Sources */,
				081006A82C36904E00578E07 /* UIResponder.swift in Sources */,
				081006AC2C36906900578E07 /* UIScrollView.swift in Sources */,
				0837001F2CE8CA4F00D67BBF /* TextInput.swift in Sources */,
				0850CCC52CB49F74000C0F8D /* KeyboardAnimation.swift in Sources */,
				0828F07D2D4BFFDC005D4701 /* UIView.swift in Sources */,
				0850CCC22CB49F74000C0F8D /* SpringAnimation.swift in Sources */,
				0873ED822BB6B94B0004F3A4 /* FocusedInputHolder.swift in Sources */,
				0850CCCC2CB4A096000C0F8D /* UIUtils.swift in Sources */,
				B40703FD97B48E285AF44740 /* KeyboardMovementObserver.swift in Sources */,
				2FC13AD349FB8017279F3A5A /* KeyboardMovementObserver+Animation.swift in Sources */,
				6D4B8A57CCB070B76E715F6B /* KeyboardMovementObserver+Interactive.swift in Sources */,
				82719BB2A6DA37259AF8130F /* KeyboardMovementObserver+Lifecycle.swift in Sources */,
				36000EFF471B01DF22549C4A /* KeyboardMovementObserver+Listeners.swift in Sources */,
				1822670024327E85F5A78BE3 /* KeyboardMovementObserver+Watcher.swift in Sources */,
				40D55B52FD7F527A38A91251 /* KeyboardEventsIgnorer.swift in Sources */,
				62280614FC97DF770FB53015 /* KeyboardTrackingView.swift in Sources */,
				82E7A01DBEF4ECAF1977A1B3 /* KeyboardViewLocator.swift in Sources */,
				5302E20D6413115FA14D93A4 /* Notification.swift in Sources */,
				3B7B5110DBECE9B988D6100B /* CGFloat.swift in Sources */,
				8E9FB6DAE2BE02864A7D0AFF /* KeyboardAreaExtender.swift in Sources */,
				F8068C49BA2754FFF4C538EB /* InvisibleInputAccessoryView.swift in Sources */,
				3794EEAE2C69C333C865B198 /* KeyboardOffsetProvider.swift in Sources */,
				FEF211CC3DE63774EBDDEC21 /* KeyboardEventEmitterPayload.swift in Sources */,
				D45562C734D8BDD07755BF04 /* KeyboardControllerConfiguration.swift in Sources */,
				304C9BA06739581C3C582877 /* KeyboardView.swift in Sources */,
				82D540527E16EC4585B6153D /* Date.swift in Sources */,
				BC9A05A1970AC8E4A2CB0547 /* UIKeyboardType.swift in Sources */,
				91B36E7887CED56A245E04A4 /* String.swift in Sources */,
			);
			runOnlyForDeploymentPostprocessing = 0;
		};
		0873ED5E2BB6B7390004F3A4 /* Sources */ = {
			isa = PBXSourcesBuildPhase;
			buildActionMask = 2147483647;
			files = (
				0850CCC92CB49F74000C0F8D /* TimingAnimation.swift in Sources */,
				08A184142C4981D700BCE5DE /* UIApplication.swift in Sources */,
				0850CCBA2CB49ECC000C0F8D /* SpringAnimationPerformanceTest.swift in Sources */,
				0873ED892BB6B94B0004F3A4 /* ViewHierarchyNavigator.swift in Sources */,
				0873ED912BB6B9960004F3A4 /* Extension+UIView.swift in Sources */,
				0873ED832BB6B94B0004F3A4 /* FocusedInputHolder.swift in Sources */,
				0873ED672BB6B7390004F3A4 /* KeyboardControllerNativeTests.swift in Sources */,
				081006A92C36904E00578E07 /* UIResponder.swift in Sources */,
				0850CCC62CB49F74000C0F8D /* KeyboardAnimation.swift in Sources */,
				0850CCC32CB49F74000C0F8D /* SpringAnimation.swift in Sources */,
				0828F07C2D4BFFDC005D4701 /* UIView.swift in Sources */,
				081006AD2C36906900578E07 /* UIScrollView.swift in Sources */,
				0850CCCD2CB4A096000C0F8D /* UIUtils.swift in Sources */,
				08833D522CB56DB9007D4380 /* TimingAnimationPerformanceTest.swift in Sources */,
				083C81EB2F6035A5005EDD4C /* KeyboardToolbarGroupTests.swift in Sources */,
				083700202CE8CA4F00D67BBF /* TextInput.swift in Sources */,
				D73E8C4FF6EDC2F2829195EF /* KeyboardMovementObserver.swift in Sources */,
				3D0D54500429CC973A43B2B3 /* KeyboardMovementObserver+Animation.swift in Sources */,
				91F9A7870B756FBFF898D339 /* KeyboardMovementObserver+Interactive.swift in Sources */,
				446373EADAFA290089B9038C /* KeyboardMovementObserver+Lifecycle.swift in Sources */,
				DFB8FB8A27F7327D567A4133 /* KeyboardMovementObserver+Listeners.swift in Sources */,
				F95C51D57334800F4C3C277B /* KeyboardMovementObserver+Watcher.swift in Sources */,
				F20D6558A505F4D98C156B7C /* KeyboardEventsIgnorer.swift in Sources */,
				604402D0D78E2F45AECC6B07 /* KeyboardTrackingView.swift in Sources */,
				DF4E8DE93F64A68E606C5F9D /* KeyboardViewLocator.swift in Sources */,
				88E31BD2437B480996669A49 /* Notification.swift in Sources */,
				CB3BD33C7CAF58A3C37E4BCD /* CGFloat.swift in Sources */,
				0E5BCEED7E293E9683D92828 /* KeyboardAreaExtender.swift in Sources */,
				90BD33D01EB535FEF3595AA8 /* InvisibleInputAccessoryView.swift in Sources */,
				AB4590CFBBC3AEF25FB3C2EE /* KeyboardOffsetProvider.swift in Sources */,
				64A259590C5EC3CEC4EC16C4 /* KeyboardMovementObserverTests.swift in Sources */,
				53CE36685EA84AB927A51A77 /* KeyboardEventEmitterPayload.swift in Sources */,
				D94BBF1F02AD34C090D66803 /* KeyboardControllerConfiguration.swift in Sources */,
				7AA333E766C52332B961D727 /* KeyboardView.swift in Sources */,
				239E0788440CC5D15CB4AA64 /* Date.swift in Sources */,
				86BB937187791D642B58A8CA /* UIKeyboardType.swift in Sources */,
				DF1728302F048E2FC12BB346 /* String.swift in Sources */,
			);
			runOnlyForDeploymentPostprocessing = 0;
		};
		0873ED682BB6B7390004F3A4 /* Sources */ = {
			isa = PBXSourcesBuildPhase;
			buildActionMask = 2147483647;
			files = (
				0850CCCA2CB49F74000C0F8D /* TimingAnimation.swift in Sources */,
				08A184152C4981D700BCE5DE /* UIApplication.swift in Sources */,
				0873ED922BB6B9960004F3A4 /* Extension+UIView.swift in Sources */,
				0873ED732BB6B7390004F3A4 /* KeyboardControllerNativeUITestsLaunchTests.swift in Sources */,
				0873ED712BB6B7390004F3A4 /* KeyboardControllerNativeUITests.swift in Sources */,
				0873ED8A2BB6B94B0004F3A4 /* ViewHierarchyNavigator.swift in Sources */,
				081006AA2C36904E00578E07 /* UIResponder.swift in Sources */,
				081006AE2C36906900578E07 /* UIScrollView.swift in Sources */,
				0837001E2CE8CA4F00D67BBF /* TextInput.swift in Sources */,
				0850CCC72CB49F74000C0F8D /* KeyboardAnimation.swift in Sources */,
				0828F07B2D4BFFDC005D4701 /* UIView.swift in Sources */,
				0850CCC42CB49F74000C0F8D /* SpringAnimation.swift in Sources */,
				0873ED842BB6B94B0004F3A4 /* FocusedInputHolder.swift in Sources */,
				0850CCCE2CB4A096000C0F8D /* UIUtils.swift in Sources */,
				916EA871CF09688F1578048C /* KeyboardMovementObserver.swift in Sources */,
				0C93DA88CB072D9A0B499555 /* KeyboardMovementObserver+Animation.swift in Sources */,
				11FFDE3362ADDFA70C5C2189 /* KeyboardMovementObserver+Interactive.swift in Sources */,
				DAB59363C0059FDA60AD1620 /* KeyboardMovementObserver+Lifecycle.swift in Sources */,
				10CB76BAEE6203485BC784F2 /* KeyboardMovementObserver+Listeners.swift in Sources */,
				503F24A44F7FA098462268DE /* KeyboardMovementObserver+Watcher.swift in Sources */,
				DD54D38325F20DBAABA80671 /* KeyboardEventsIgnorer.swift in Sources */,
				3F37BAF1F429A161223B847B /* KeyboardTrackingView.swift in Sources */,
				4808A76715DCD6F6B83CFA47 /* KeyboardViewLocator.swift in Sources */,
				0DCC3A81D285F6D42E87E383 /* Notification.swift in Sources */,
				DC7E5A02F6C418E4EBF0F699 /* CGFloat.swift in Sources */,
				713FF7821F8BBD14873459C9 /* KeyboardAreaExtender.swift in Sources */,
				AB6BA12CE8088C705BC983B3 /* InvisibleInputAccessoryView.swift in Sources */,
				DD691393871B01CB593AFA14 /* KeyboardOffsetProvider.swift in Sources */,
				475036A17D20BFD8412FD74B /* KeyboardEventEmitterPayload.swift in Sources */,
				62441DB9A593B2C02F73679C /* KeyboardControllerConfiguration.swift in Sources */,
				96305B6E2813BEF1AD888604 /* KeyboardView.swift in Sources */,
				BFD4BDCB87D2AF514EBD4605 /* Date.swift in Sources */,
				12C6024C9A21797D38E22835 /* UIKeyboardType.swift in Sources */,
				8A9299BFB9F6996F74480B8A /* String.swift in Sources */,
			);
			runOnlyForDeploymentPostprocessing = 0;
		};
/* End PBXSourcesBuildPhase section */

/* Begin PBXTargetDependency section */
		0873ED642BB6B7390004F3A4 /* PBXTargetDependency */ = {
			isa = PBXTargetDependency;
			target = 0873ED512BB6B7380004F3A4 /* KeyboardControllerNative */;
			targetProxy = 0873ED632BB6B7390004F3A4 /* PBXContainerItemProxy */;
		};
		0873ED6E2BB6B7390004F3A4 /* PBXTargetDependency */ = {
			isa = PBXTargetDependency;
			target = 0873ED512BB6B7380004F3A4 /* KeyboardControllerNative */;
			targetProxy = 0873ED6D2BB6B7390004F3A4 /* PBXContainerItemProxy */;
		};
/* End PBXTargetDependency section */

/* Begin XCBuildConfiguration section */
		0873ED742BB6B7390004F3A4 /* Debug */ = {
			isa = XCBuildConfiguration;
			buildSettings = {
				ALWAYS_SEARCH_USER_PATHS = NO;
				ASSETCATALOG_COMPILER_GENERATE_SWIFT_ASSET_SYMBOL_EXTENSIONS = YES;
				CLANG_ANALYZER_NONNULL = YES;
				CLANG_ANALYZER_NUMBER_OBJECT_CONVERSION = YES_AGGRESSIVE;
				CLANG_CXX_LANGUAGE_STANDARD = "gnu++20";
				CLANG_ENABLE_MODULES = YES;
				CLANG_ENABLE_OBJC_ARC = YES;
				CLANG_ENABLE_OBJC_WEAK = YES;
				CLANG_WARN_BLOCK_CAPTURE_AUTORELEASING = YES;
				CLANG_WARN_BOOL_CONVERSION = YES;
				CLANG_WARN_COMMA = YES;
				CLANG_WARN_CONSTANT_CONVERSION = YES;
				CLANG_WARN_DEPRECATED_OBJC_IMPLEMENTATIONS = YES;
				CLANG_WARN_DIRECT_OBJC_ISA_USAGE = YES_ERROR;
				CLANG_WARN_DOCUMENTATION_COMMENTS = YES;
				CLANG_WARN_EMPTY_BODY = YES;
				CLANG_WARN_ENUM_CONVERSION = YES;
				CLANG_WARN_INFINITE_RECURSION = YES;
				CLANG_WARN_INT_CONVERSION = YES;
				CLANG_WARN_NON_LITERAL_NULL_CONVERSION = YES;
				CLANG_WARN_OBJC_IMPLICIT_RETAIN_SELF = YES;
				CLANG_WARN_OBJC_LITERAL_CONVERSION = YES;
				CLANG_WARN_OBJC_ROOT_CLASS = YES_ERROR;
				CLANG_WARN_QUOTED_INCLUDE_IN_FRAMEWORK_HEADER = YES;
				CLANG_WARN_RANGE_LOOP_ANALYSIS = YES;
				CLANG_WARN_STRICT_PROTOTYPES = YES;
				CLANG_WARN_SUSPICIOUS_MOVE = YES;
				CLANG_WARN_UNGUARDED_AVAILABILITY = YES_AGGRESSIVE;
				CLANG_WARN_UNREACHABLE_CODE = YES;
				CLANG_WARN__DUPLICATE_METHOD_MATCH = YES;
				COPY_PHASE_STRIP = NO;
				DEBUG_INFORMATION_FORMAT = dwarf;
				ENABLE_STRICT_OBJC_MSGSEND = YES;
				ENABLE_TESTABILITY = YES;
				ENABLE_USER_SCRIPT_SANDBOXING = YES;
				GCC_C_LANGUAGE_STANDARD = gnu17;
				GCC_DYNAMIC_NO_PIC = NO;
				GCC_NO_COMMON_BLOCKS = YES;
				GCC_OPTIMIZATION_LEVEL = 0;
				GCC_PREPROCESSOR_DEFINITIONS = (
					"DEBUG=1",
					"$(inherited)",
				);
				GCC_WARN_64_TO_32_BIT_CONVERSION = YES;
				GCC_WARN_ABOUT_RETURN_TYPE = YES_ERROR;
				GCC_WARN_UNDECLARED_SELECTOR = YES;
				GCC_WARN_UNINITIALIZED_AUTOS = YES_AGGRESSIVE;
				GCC_WARN_UNUSED_FUNCTION = YES;
				GCC_WARN_UNUSED_VARIABLE = YES;
				IPHONEOS_DEPLOYMENT_TARGET = 17.4;
				LOCALIZATION_PREFERS_STRING_CATALOGS = YES;
				MTL_ENABLE_DEBUG_INFO = INCLUDE_SOURCE;
				MTL_FAST_MATH = YES;
				ONLY_ACTIVE_ARCH = YES;
				SDKROOT = iphoneos;
				SWIFT_ACTIVE_COMPILATION_CONDITIONS = "DEBUG $(inherited)";
				SWIFT_OPTIMIZATION_LEVEL = "-Onone";
			};
			name = Debug;
		};
		0873ED752BB6B7390004F3A4 /* Release */ = {
			isa = XCBuildConfiguration;
			buildSettings = {
				ALWAYS_SEARCH_USER_PATHS = NO;
				ASSETCATALOG_COMPILER_GENERATE_SWIFT_ASSET_SYMBOL_EXTENSIONS = YES;
				CLANG_ANALYZER_NONNULL = YES;
				CLANG_ANALYZER_NUMBER_OBJECT_CONVERSION = YES_AGGRESSIVE;
				CLANG_CXX_LANGUAGE_STANDARD = "gnu++20";
				CLANG_ENABLE_MODULES = YES;
				CLANG_ENABLE_OBJC_ARC = YES;
				CLANG_ENABLE_OBJC_WEAK = YES;
				CLANG_WARN_BLOCK_CAPTURE_AUTORELEASING = YES;
				CLANG_WARN_BOOL_CONVERSION = YES;
				CLANG_WARN_COMMA = YES;
				CLANG_WARN_CONSTANT_CONVERSION = YES;
				CLANG_WARN_DEPRECATED_OBJC_IMPLEMENTATIONS = YES;
				CLANG_WARN_DIRECT_OBJC_ISA_USAGE = YES_ERROR;
				CLANG_WARN_DOCUMENTATION_COMMENTS = YES;
				CLANG_WARN_EMPTY_BODY = YES;
				CLANG_WARN_ENUM_CONVERSION = YES;
				CLANG_WARN_INFINITE_RECURSION = YES;
				CLANG_WARN_INT_CONVERSION = YES;
				CLANG_WARN_NON_LITERAL_NULL_CONVERSION = YES;
				CLANG_WARN_OBJC_IMPLICIT_RETAIN_SELF = YES;
				CLANG_WARN_OBJC_LITERAL_CONVERSION = YES;
				CLANG_WARN_OBJC_ROOT_CLASS = YES_ERROR;
				CLANG_WARN_QUOTED_INCLUDE_IN_FRAMEWORK_HEADER = YES;
				CLANG_WARN_RANGE_LOOP_ANALYSIS = YES;
				CLANG_WARN_STRICT_PROTOTYPES = YES;
				CLANG_WARN_SUSPICIOUS_MOVE = YES;
				CLANG_WARN_UNGUARDED_AVAILABILITY = YES_AGGRESSIVE;
				CLANG_WARN_UNREACHABLE_CODE = YES;
				CLANG_WARN__DUPLICATE_METHOD_MATCH = YES;
				COPY_PHASE_STRIP = NO;
				DEBUG_INFORMATION_FORMAT = "dwarf-with-dsym";
				ENABLE_NS_ASSERTIONS = NO;
				ENABLE_STRICT_OBJC_MSGSEND = YES;
				ENABLE_USER_SCRIPT_SANDBOXING = YES;
				GCC_C_LANGUAGE_STANDARD = gnu17;
				GCC_NO_COMMON_BLOCKS = YES;
				GCC_WARN_64_TO_32_BIT_CONVERSION = YES;
				GCC_WARN_ABOUT_RETURN_TYPE = YES_ERROR;
				GCC_WARN_UNDECLARED_SELECTOR = YES;
				GCC_WARN_UNINITIALIZED_AUTOS = YES_AGGRESSIVE;
				GCC_WARN_UNUSED_FUNCTION = YES;
				GCC_WARN_UNUSED_VARIABLE = YES;
				IPHONEOS_DEPLOYMENT_TARGET = 17.4;
				LOCALIZATION_PREFERS_STRING_CATALOGS = YES;
				MTL_ENABLE_DEBUG_INFO = NO;
				MTL_FAST_MATH = YES;
				SDKROOT = iphoneos;
				SWIFT_COMPILATION_MODE = wholemodule;
				VALIDATE_PRODUCT = YES;
			};
			name = Release;
		};
		0873ED772BB6B7390004F3A4 /* Debug */ = {
			isa = XCBuildConfiguration;
			buildSettings = {
				ASSETCATALOG_COMPILER_APPICON_NAME = AppIcon;
				ASSETCATALOG_COMPILER_GLOBAL_ACCENT_COLOR_NAME = AccentColor;
				CODE_SIGN_STYLE = Automatic;
				CURRENT_PROJECT_VERSION = 1;
				DEVELOPMENT_ASSET_PATHS = "\"KeyboardControllerNative/Preview Content\"";
				DEVELOPMENT_TEAM = 6QJHD36PJF;
				ENABLE_PREVIEWS = YES;
				GENERATE_INFOPLIST_FILE = YES;
				INFOPLIST_KEY_UIApplicationSceneManifest_Generation = YES;
				INFOPLIST_KEY_UIApplicationSupportsIndirectInputEvents = YES;
				INFOPLIST_KEY_UILaunchScreen_Generation = YES;
				INFOPLIST_KEY_UISupportedInterfaceOrientations_iPad = "UIInterfaceOrientationPortrait UIInterfaceOrientationPortraitUpsideDown UIInterfaceOrientationLandscapeLeft UIInterfaceOrientationLandscapeRight";
				INFOPLIST_KEY_UISupportedInterfaceOrientations_iPhone = "UIInterfaceOrientationPortrait UIInterfaceOrientationLandscapeLeft UIInterfaceOrientationLandscapeRight";
				LD_RUNPATH_SEARCH_PATHS = (
					"$(inherited)",
					"@executable_path/Frameworks",
				);
				MARKETING_VERSION = 1.0;
				PRODUCT_BUNDLE_IDENTIFIER = com.keyboardcontroller.KeyboardControllerNative;
				PRODUCT_NAME = "$(TARGET_NAME)";
				SWIFT_EMIT_LOC_STRINGS = YES;
				SWIFT_VERSION = 5.0;
				TARGETED_DEVICE_FAMILY = "1,2";
			};
			name = Debug;
		};
		0873ED782BB6B7390004F3A4 /* Release */ = {
			isa = XCBuildConfiguration;
			buildSettings = {
				ASSETCATALOG_COMPILER_APPICON_NAME = AppIcon;
				ASSETCATALOG_COMPILER_GLOBAL_ACCENT_COLOR_NAME = AccentColor;
				CODE_SIGN_STYLE = Automatic;
				CURRENT_PROJECT_VERSION = 1;
				DEVELOPMENT_ASSET_PATHS = "\"KeyboardControllerNative/Preview Content\"";
				DEVELOPMENT_TEAM = 6QJHD36PJF;
				ENABLE_PREVIEWS = YES;
				GENERATE_INFOPLIST_FILE = YES;
				INFOPLIST_KEY_UIApplicationSceneManifest_Generation = YES;
				INFOPLIST_KEY_UIApplicationSupportsIndirectInputEvents = YES;
				INFOPLIST_KEY_UILaunchScreen_Generation = YES;
				INFOPLIST_KEY_UISupportedInterfaceOrientations_iPad = "UIInterfaceOrientationPortrait UIInterfaceOrientationPortraitUpsideDown UIInterfaceOrientationLandscapeLeft UIInterfaceOrientationLandscapeRight";
				INFOPLIST_KEY_UISupportedInterfaceOrientations_iPhone = "UIInterfaceOrientationPortrait UIInterfaceOrientationLandscapeLeft UIInterfaceOrientationLandscapeRight";
				LD_RUNPATH_SEARCH_PATHS = (
					"$(inherited)",
					"@executable_path/Frameworks",
				);
				MARKETING_VERSION = 1.0;
				PRODUCT_BUNDLE_IDENTIFIER = com.keyboardcontroller.KeyboardControllerNative;
				PRODUCT_NAME = "$(TARGET_NAME)";
				SWIFT_EMIT_LOC_STRINGS = YES;
				SWIFT_VERSION = 5.0;
				TARGETED_DEVICE_FAMILY = "1,2";
			};
			name = Release;
		};
		0873ED7A2BB6B7390004F3A4 /* Debug */ = {
			isa = XCBuildConfiguration;
			buildSettings = {
				ALWAYS_EMBED_SWIFT_STANDARD_LIBRARIES = YES;
				BUNDLE_LOADER = "$(TEST_HOST)";
				CODE_SIGN_STYLE = Automatic;
				CURRENT_PROJECT_VERSION = 1;
				DEVELOPMENT_TEAM = 6QJHD36PJF;
				GENERATE_INFOPLIST_FILE = YES;
				IPHONEOS_DEPLOYMENT_TARGET = 17.4;
				MARKETING_VERSION = 1.0;
				PRODUCT_BUNDLE_IDENTIFIER = com.keyboardcontroller.KeyboardControllerNativeTests;
				PRODUCT_NAME = "$(TARGET_NAME)";
				SWIFT_EMIT_LOC_STRINGS = NO;
				SWIFT_VERSION = 5.0;
				TARGETED_DEVICE_FAMILY = "1,2";
				TEST_HOST = "$(BUILT_PRODUCTS_DIR)/KeyboardControllerNative.app/$(BUNDLE_EXECUTABLE_FOLDER_PATH)/KeyboardControllerNative";
			};
			name = Debug;
		};
		0873ED7B2BB6B7390004F3A4 /* Release */ = {
			isa = XCBuildConfiguration;
			buildSettings = {
				ALWAYS_EMBED_SWIFT_STANDARD_LIBRARIES = YES;
				BUNDLE_LOADER = "$(TEST_HOST)";
				CODE_SIGN_STYLE = Automatic;
				CURRENT_PROJECT_VERSION = 1;
				DEVELOPMENT_TEAM = 6QJHD36PJF;
				GENERATE_INFOPLIST_FILE = YES;
				IPHONEOS_DEPLOYMENT_TARGET = 17.4;
				MARKETING_VERSION = 1.0;
				PRODUCT_BUNDLE_IDENTIFIER = com.keyboardcontroller.KeyboardControllerNativeTests;
				PRODUCT_NAME = "$(TARGET_NAME)";
				SWIFT_EMIT_LOC_STRINGS = NO;
				SWIFT_VERSION = 5.0;
				TARGETED_DEVICE_FAMILY = "1,2";
				TEST_HOST = "$(BUILT_PRODUCTS_DIR)/KeyboardControllerNative.app/$(BUNDLE_EXECUTABLE_FOLDER_PATH)/KeyboardControllerNative";
			};
			name = Release;
		};
		0873ED7D2BB6B7390004F3A4 /* Debug */ = {
			isa = XCBuildConfiguration;
			buildSettings = {
				ALWAYS_EMBED_SWIFT_STANDARD_LIBRARIES = YES;
				CODE_SIGN_STYLE = Automatic;
				CURRENT_PROJECT_VERSION = 1;
				DEVELOPMENT_TEAM = 6QJHD36PJF;
				GENERATE_INFOPLIST_FILE = YES;
				MARKETING_VERSION = 1.0;
				PRODUCT_BUNDLE_IDENTIFIER = com.keyboardcontroller.KeyboardControllerNativeUITests;
				PRODUCT_NAME = "$(TARGET_NAME)";
				SWIFT_EMIT_LOC_STRINGS = NO;
				SWIFT_VERSION = 5.0;
				TARGETED_DEVICE_FAMILY = "1,2";
				TEST_TARGET_NAME = KeyboardControllerNative;
			};
			name = Debug;
		};
		0873ED7E2BB6B7390004F3A4 /* Release */ = {
			isa = XCBuildConfiguration;
			buildSettings = {
				ALWAYS_EMBED_SWIFT_STANDARD_LIBRARIES = YES;
				CODE_SIGN_STYLE = Automatic;
				CURRENT_PROJECT_VERSION = 1;
				DEVELOPMENT_TEAM = 6QJHD36PJF;
				GENERATE_INFOPLIST_FILE = YES;
				MARKETING_VERSION = 1.0;
				PRODUCT_BUNDLE_IDENTIFIER = com.keyboardcontroller.KeyboardControllerNativeUITests;
				PRODUCT_NAME = "$(TARGET_NAME)";
				SWIFT_EMIT_LOC_STRINGS = NO;
				SWIFT_VERSION = 5.0;
				TARGETED_DEVICE_FAMILY = "1,2";
				TEST_TARGET_NAME = KeyboardControllerNative;
			};
			name = Release;
		};
/* End XCBuildConfiguration section */

/* Begin XCConfigurationList section */
		0873ED4D2BB6B7380004F3A4 /* Build configuration list for PBXProject "KeyboardControllerNative" */ = {
			isa = XCConfigurationList;
			buildConfigurations = (
				0873ED742BB6B7390004F3A4 /* Debug */,
				0873ED752BB6B7390004F3A4 /* Release */,
			);
			defaultConfigurationIsVisible = 0;
			defaultConfigurationName = Release;
		};
		0873ED762BB6B7390004F3A4 /* Build configuration list for PBXNativeTarget "KeyboardControllerNative" */ = {
			isa = XCConfigurationList;
			buildConfigurations = (
				0873ED772BB6B7390004F3A4 /* Debug */,
				0873ED782BB6B7390004F3A4 /* Release */,
			);
			defaultConfigurationIsVisible = 0;
			defaultConfigurationName = Release;
		};
		0873ED792BB6B7390004F3A4 /* Build configuration list for PBXNativeTarget "KeyboardControllerNativeTests" */ = {
			isa = XCConfigurationList;
			buildConfigurations = (
				0873ED7A2BB6B7390004F3A4 /* Debug */,
				0873ED7B2BB6B7390004F3A4 /* Release */,
			);
			defaultConfigurationIsVisible = 0;
			defaultConfigurationName = Release;
		};
		0873ED7C2BB6B7390004F3A4 /* Build configuration list for PBXNativeTarget "KeyboardControllerNativeUITests" */ = {
			isa = XCConfigurationList;
			buildConfigurations = (
				0873ED7D2BB6B7390004F3A4 /* Debug */,
				0873ED7E2BB6B7390004F3A4 /* Release */,
			);
			defaultConfigurationIsVisible = 0;
			defaultConfigurationName = Release;
		};
/* End XCConfigurationList section */
	};
	rootObject = 0873ED4A2BB6B7380004F3A4 /* Project object */;
}
