// !$*UTF8*$!
{
	archiveVersion = 1;
	classes = {
	};
	objectVersion = 46;
	objects = {

/* Begin PBXBuildFile section */
		0800511C2B65548600928E51 /* FocusedInputHolder.swift in Sources */ = {isa = PBXBuildFile; fileRef = 0800511B2B65548600928E51 /* FocusedInputHolder.swift */; };
		0800511E2B65558800928E51 /* TextInput.swift in Sources */ = {isa = PBXBuildFile; fileRef = 0800511D2B65558800928E51 /* TextInput.swift */; };
		0807071E2A34807B00C05A19 /* Extensions.swift in Sources */ = {isa = PBXBuildFile; fileRef = 0807071D2A34807B00C05A19 /* Extensions.swift */; };
		083FB9852B15171600C0EFF0 /* TextChangeObserver.swift in Sources */ = {isa = PBXBuildFile; fileRef = 083FB9842B15171600C0EFF0 /* TextChangeObserver.swift */; };
		083FB9872B15174C00C0EFF0 /* FocusedInputTextChangedEvent.m in Sources */ = {isa = PBXBuildFile; fileRef = 083FB9862B15174C00C0EFF0 /* FocusedInputTextChangedEvent.m */; };
		084AEEC62ACF49A8001A3069 /* FocusedInputLayoutChangedEvent.m in Sources */ = {isa = PBXBuildFile; fileRef = 084AEEC52ACF49A8001A3069 /* FocusedInputLayoutChangedEvent.m */; };
		084AEEC82ACF4AB2001A3069 /* FocusedInputObserver.swift in Sources */ = {isa = PBXBuildFile; fileRef = 084AEEC72ACF4AB2001A3069 /* FocusedInputObserver.swift */; };
		089BA5DC2B3E0C9D000A9A90 /* ViewHierarchyNavigator.swift in Sources */ = {isa = PBXBuildFile; fileRef = 089BA5DB2B3E0C9D000A9A90 /* ViewHierarchyNavigator.swift */; };
		08C47AFC2BA9AF7100DB93BB /* KeyboardView.swift in Sources */ = {isa = PBXBuildFile; fileRef = 08C47AFB2BA9AF7100DB93BB /* KeyboardView.swift */; };
		08DF17B32BB1838D00279890 /* RCTUIManager+LayoutAnimationManager.m in Sources */ = {isa = PBXBuildFile; fileRef = 08DF17B22BB1838D00279890 /* RCTUIManager+LayoutAnimationManager.m */; };
		F333F8D428996B8D0015B05F /* KeyboardControllerView.mm in Sources */ = {isa = PBXBuildFile; fileRef = F333F8D228996B8D0015B05F /* KeyboardControllerView.mm */; };
		F359D34F28133C26000B6AFE /* KeyboardControllerModule.mm in Sources */ = {isa = PBXBuildFile; fileRef = F359D34E28133C26000B6AFE /* KeyboardControllerModule.mm */; };
		F3626A0728B3FE760021B2D9 /* KeyboardMovementObserver.swift in Sources */ = {isa = PBXBuildFile; fileRef = F3626A0628B3FE760021B2D9 /* KeyboardMovementObserver.swift */; };
		F3F50669289E653B003091D6 /* KeyboardMoveEvent.m in Sources */ = {isa = PBXBuildFile; fileRef = F3F50668289E653B003091D6 /* KeyboardMoveEvent.m */; };
		F4FF95D7245B92E800C19C63 /* KeyboardControllerViewManager.swift in Sources */ = {isa = PBXBuildFile; fileRef = F4FF95D6245B92E800C19C63 /* KeyboardControllerViewManager.swift */; };
/* End PBXBuildFile section */

/* Begin PBXCopyFilesBuildPhase section */
		58B511D91A9E6C8500147676 /* CopyFiles */ = {
			isa = PBXCopyFilesBuildPhase;
			buildActionMask = 2147483647;
			dstPath = "include/$(PRODUCT_NAME)";
			dstSubfolderSpec = 16;
			files = (
			);
			runOnlyForDeploymentPostprocessing = 0;
		};
/* End PBXCopyFilesBuildPhase section */

/* Begin PBXFileReference section */
		0800511B2B65548600928E51 /* FocusedInputHolder.swift */ = {isa = PBXFileReference; lastKnownFileType = sourcecode.swift; path = FocusedInputHolder.swift; sourceTree = "<group>"; };
		0800511D2B65558800928E51 /* TextInput.swift */ = {isa = PBXFileReference; lastKnownFileType = sourcecode.swift; path = TextInput.swift; sourceTree = "<group>"; };
		0807071D2A34807B00C05A19 /* Extensions.swift */ = {isa = PBXFileReference; lastKnownFileType = sourcecode.swift; path = Extensions.swift; sourceTree = "<group>"; };
		083FB9842B15171600C0EFF0 /* TextChangeObserver.swift */ = {isa = PBXFileReference; lastKnownFileType = sourcecode.swift; path = TextChangeObserver.swift; sourceTree = "<group>"; };
		083FB9862B15174C00C0EFF0 /* FocusedInputTextChangedEvent.m */ = {isa = PBXFileReference; lastKnownFileType = sourcecode.c.objc; path = FocusedInputTextChangedEvent.m; sourceTree = "<group>"; };
		083FB9892B15177C00C0EFF0 /* FocusedInputTextChangedEvent.h */ = {isa = PBXFileReference; lastKnownFileType = sourcecode.c.h; path = FocusedInputTextChangedEvent.h; sourceTree = "<group>"; };
		084AEEC22ACF479A001A3069 /* FocusedInputLayoutChangedEvent.h */ = {isa = PBXFileReference; lastKnownFileType = sourcecode.c.h; path = FocusedInputLayoutChangedEvent.h; sourceTree = "<group>"; };
		084AEEC52ACF49A8001A3069 /* FocusedInputLayoutChangedEvent.m */ = {isa = PBXFileReference; lastKnownFileType = sourcecode.c.objc; path = FocusedInputLayoutChangedEvent.m; sourceTree = "<group>"; };
		084AEEC72ACF4AB2001A3069 /* FocusedInputObserver.swift */ = {isa = PBXFileReference; lastKnownFileType = sourcecode.swift; path = FocusedInputObserver.swift; sourceTree = "<group>"; };
		089BA5DB2B3E0C9D000A9A90 /* ViewHierarchyNavigator.swift */ = {isa = PBXFileReference; lastKnownFileType = sourcecode.swift; path = ViewHierarchyNavigator.swift; sourceTree = "<group>"; };
		08C47AFB2BA9AF7100DB93BB /* KeyboardView.swift */ = {isa = PBXFileReference; lastKnownFileType = sourcecode.swift; path = KeyboardView.swift; sourceTree = "<group>"; };
		08DF17B22BB1838D00279890 /* RCTUIManager+LayoutAnimationManager.m */ = {isa = PBXFileReference; lastKnownFileType = sourcecode.c.objc; path = "RCTUIManager+LayoutAnimationManager.m"; sourceTree = "<group>"; };
		08DF17B52BB1845500279890 /* RCTUIManager+LayoutAnimationManager.h */ = {isa = PBXFileReference; lastKnownFileType = sourcecode.c.h; path = "RCTUIManager+LayoutAnimationManager.h"; sourceTree = "<group>"; };
		134814201AA4EA6300B7C361 /* libKeyboardController.a */ = {isa = PBXFileReference; explicitFileType = archive.ar; includeInIndex = 0; path = libKeyboardController.a; sourceTree = BUILT_PRODUCTS_DIR; };
		B3E7B5891CC2AC0600A0062D /* KeyboardControllerViewManager.mm */ = {isa = PBXFileReference; fileEncoding = 4; lastKnownFileType = sourcecode.cpp.objcpp; path = KeyboardControllerViewManager.mm; sourceTree = "<group>"; };
		F333F8D128996B1C0015B05F /* KeyboardControllerView.h */ = {isa = PBXFileReference; lastKnownFileType = sourcecode.c.h; path = KeyboardControllerView.h; sourceTree = "<group>"; };
		F333F8D228996B8D0015B05F /* KeyboardControllerView.mm */ = {isa = PBXFileReference; lastKnownFileType = sourcecode.cpp.objcpp; path = KeyboardControllerView.mm; sourceTree = "<group>"; };
		F359D34E28133C26000B6AFE /* KeyboardControllerModule.mm */ = {isa = PBXFileReference; lastKnownFileType = sourcecode.cpp.objcpp; path = KeyboardControllerModule.mm; sourceTree = "<group>"; };
		F359D35028133C6F000B6AFE /* KeyboardControllerModule-Header.h */ = {isa = PBXFileReference; lastKnownFileType = sourcecode.c.h; path = "KeyboardControllerModule-Header.h"; sourceTree = "<group>"; };
		F3626A0628B3FE760021B2D9 /* KeyboardMovementObserver.swift */ = {isa = PBXFileReference; lastKnownFileType = sourcecode.swift; path = KeyboardMovementObserver.swift; sourceTree = "<group>"; };
		F3F50667289E653B003091D6 /* KeyboardMoveEvent.h */ = {isa = PBXFileReference; lastKnownFileType = sourcecode.c.h; path = KeyboardMoveEvent.h; sourceTree = "<group>"; };
		F3F50668289E653B003091D6 /* KeyboardMoveEvent.m */ = {isa = PBXFileReference; lastKnownFileType = sourcecode.c.objc; path = KeyboardMoveEvent.m; sourceTree = "<group>"; };
		F4FF95D5245B92E700C19C63 /* KeyboardController-Bridging-Header.h */ = {isa = PBXFileReference; lastKnownFileType = sourcecode.c.h; path = "KeyboardController-Bridging-Header.h"; sourceTree = "<group>"; };
		F4FF95D6245B92E800C19C63 /* KeyboardControllerViewManager.swift */ = {isa = PBXFileReference; lastKnownFileType = sourcecode.swift; path = KeyboardControllerViewManager.swift; sourceTree = "<group>"; };
/* End PBXFileReference section */

/* Begin PBXFrameworksBuildPhase section */
		58B511D81A9E6C8500147676 /* Frameworks */ = {
			isa = PBXFrameworksBuildPhase;
			buildActionMask = 2147483647;
			files = (
			);
			runOnlyForDeploymentPostprocessing = 0;
		};
/* End PBXFrameworksBuildPhase section */

/* Begin PBXGroup section */
		084AEEBF2ACDFBF1001A3069 /* events */ = {
			isa = PBXGroup;
			children = (
				F3F50667289E653B003091D6 /* KeyboardMoveEvent.h */,
				F3F50668289E653B003091D6 /* KeyboardMoveEvent.m */,
				084AEEC22ACF479A001A3069 /* FocusedInputLayoutChangedEvent.h */,
				084AEEC52ACF49A8001A3069 /* FocusedInputLayoutChangedEvent.m */,
				083FB9892B15177C00C0EFF0 /* FocusedInputTextChangedEvent.h */,
				083FB9862B15174C00C0EFF0 /* FocusedInputTextChangedEvent.m */,
			);
			path = events;
			sourceTree = "<group>";
		};
		084AEEC02ACDFC2A001A3069 /* observers */ = {
			isa = PBXGroup;
			children = (
				F3626A0628B3FE760021B2D9 /* KeyboardMovementObserver.swift */,
				084AEEC72ACF4AB2001A3069 /* FocusedInputObserver.swift */,
				083FB9842B15171600C0EFF0 /* TextChangeObserver.swift */,
			);
			path = observers;
			sourceTree = "<group>";
		};
		084AEEC12ACF405C001A3069 /* views */ = {
			isa = PBXGroup;
			children = (
				F333F8D228996B8D0015B05F /* KeyboardControllerView.mm */,
				F333F8D128996B1C0015B05F /* KeyboardControllerView.h */,
				F4FF95D6245B92E800C19C63 /* KeyboardControllerViewManager.swift */,
				B3E7B5891CC2AC0600A0062D /* KeyboardControllerViewManager.mm */,
			);
			path = views;
			sourceTree = "<group>";
		};
		089BA5DD2B3EC978000A9A90 /* traversal */ = {
			isa = PBXGroup;
			children = (
				089BA5DB2B3E0C9D000A9A90 /* ViewHierarchyNavigator.swift */,
				0800511B2B65548600928E51 /* FocusedInputHolder.swift */,
				0800511D2B65558800928E51 /* TextInput.swift */,
				08C47AFB2BA9AF7100DB93BB /* KeyboardView.swift */,
			);
			path = traversal;
			sourceTree = "<group>";
		};
		08DF17B12BB1834400279890 /* objc */ = {
			isa = PBXGroup;
			children = (
				08DF17B22BB1838D00279890 /* RCTUIManager+LayoutAnimationManager.m */,
				08DF17B52BB1845500279890 /* RCTUIManager+LayoutAnimationManager.h */,
			);
			path = objc;
			sourceTree = "<group>";
		};
		134814211AA4EA7D00B7C361 /* Products */ = {
			isa = PBXGroup;
			children = (
				134814201AA4EA6300B7C361 /* libKeyboardController.a */,
			);
			name = Products;
			sourceTree = "<group>";
		};
		58B511D21A9E6C8500147676 = {
			isa = PBXGroup;
			children = (
				08DF17B12BB1834400279890 /* objc */,
				089BA5DD2B3EC978000A9A90 /* traversal */,
				084AEEC12ACF405C001A3069 /* views */,
				084AEEC02ACDFC2A001A3069 /* observers */,
				084AEEBF2ACDFBF1001A3069 /* events */,
				0807071D2A34807B00C05A19 /* Extensions.swift */,
				F359D35028133C6F000B6AFE /* KeyboardControllerModule-Header.h */,
				F359D34E28133C26000B6AFE /* KeyboardControllerModule.mm */,
				F4FF95D5245B92E700C19C63 /* KeyboardController-Bridging-Header.h */,
				134814211AA4EA7D00B7C361 /* Products */,
			);
			sourceTree = "<group>";
		};
/* End PBXGroup section */

/* Begin PBXNativeTarget section */
		58B511DA1A9E6C8500147676 /* KeyboardController */ = {
			isa = PBXNativeTarget;
			buildConfigurationList = 58B511EF1A9E6C8500147676 /* Build configuration list for PBXNativeTarget "KeyboardController" */;
			buildPhases = (
				58B511D71A9E6C8500147676 /* Sources */,
				58B511D81A9E6C8500147676 /* Frameworks */,
				58B511D91A9E6C8500147676 /* CopyFiles */,
			);
			buildRules = (
			);
			dependencies = (
			);
			name = KeyboardController;
			productName = RCTDataManager;
			productReference = 134814201AA4EA6300B7C361 /* libKeyboardController.a */;
			productType = "com.apple.product-type.library.static";
		};
/* End PBXNativeTarget section */

/* Begin PBXProject section */
		58B511D31A9E6C8500147676 /* Project object */ = {
			isa = PBXProject;
			attributes = {
				LastUpgradeCheck = 0920;
				ORGANIZATIONNAME = Facebook;
				TargetAttributes = {
					58B511DA1A9E6C8500147676 = {
						CreatedOnToolsVersion = 6.1.1;
					};
				};
			};
			buildConfigurationList = 58B511D61A9E6C8500147676 /* Build configuration list for PBXProject "KeyboardController" */;
			compatibilityVersion = "Xcode 3.2";
			developmentRegion = English;
			hasScannedForEncodings = 0;
			knownRegions = (
				English,
				en,
			);
			mainGroup = 58B511D21A9E6C8500147676;
			productRefGroup = 58B511D21A9E6C8500147676;
			projectDirPath = "";
			projectRoot = "";
			targets = (
				58B511DA1A9E6C8500147676 /* KeyboardController */,
			);
		};
/* End PBXProject section */

/* Begin PBXSourcesBuildPhase section */
		58B511D71A9E6C8500147676 /* Sources */ = {
			isa = PBXSourcesBuildPhase;
			buildActionMask = 2147483647;
			files = (
				084AEEC62ACF49A8001A3069 /* FocusedInputLayoutChangedEvent.m in Sources */,
				F3626A0728B3FE760021B2D9 /* KeyboardMovementObserver.swift in Sources */,
				0800511C2B65548600928E51 /* FocusedInputHolder.swift in Sources */,
				0807071E2A34807B00C05A19 /* Extensions.swift in Sources */,
				F359D34F28133C26000B6AFE /* KeyboardControllerModule.mm in Sources */,
				084AEEC82ACF4AB2001A3069 /* FocusedInputObserver.swift in Sources */,
				F4FF95D7245B92E800C19C63 /* KeyboardControllerViewManager.swift in Sources */,
				F333F8D428996B8D0015B05F /* KeyboardControllerView.mm in Sources */,
				0800511E2B65558800928E51 /* TextInput.swift in Sources */,
				08DF17B32BB1838D00279890 /* RCTUIManager+LayoutAnimationManager.m in Sources */,
				08C47AFC2BA9AF7100DB93BB /* KeyboardView.swift in Sources */,
				F3F50669289E653B003091D6 /* KeyboardMoveEvent.m in Sources */,
				083FB9852B15171600C0EFF0 /* TextChangeObserver.swift in Sources */,
				089BA5DC2B3E0C9D000A9A90 /* ViewHierarchyNavigator.swift in Sources */,
				083FB9872B15174C00C0EFF0 /* FocusedInputTextChangedEvent.m in Sources */,
			);
			runOnlyForDeploymentPostprocessing = 0;
		};
/* End PBXSourcesBuildPhase section */

/* Begin XCBuildConfiguration section */
		58B511ED1A9E6C8500147676 /* Debug */ = {
			isa = XCBuildConfiguration;
			buildSettings = {
				ALWAYS_SEARCH_USER_PATHS = NO;
				CLANG_CXX_LANGUAGE_STANDARD = "gnu++0x";
				CLANG_CXX_LIBRARY = "libc++";
				CLANG_ENABLE_MODULES = YES;
				CLANG_ENABLE_OBJC_ARC = YES;
				CLANG_WARN_BLOCK_CAPTURE_AUTORELEASING = YES;
				CLANG_WARN_BOOL_CONVERSION = YES;
				CLANG_WARN_COMMA = YES;
				CLANG_WARN_CONSTANT_CONVERSION = YES;
				CLANG_WARN_DIRECT_OBJC_ISA_USAGE = YES_ERROR;
				CLANG_WARN_EMPTY_BODY = YES;
				CLANG_WARN_ENUM_CONVERSION = YES;
				CLANG_WARN_INFINITE_RECURSION = YES;
				CLANG_WARN_INT_CONVERSION = YES;
				CLANG_WARN_NON_LITERAL_NULL_CONVERSION = YES;
				CLANG_WARN_OBJC_LITERAL_CONVERSION = YES;
				CLANG_WARN_OBJC_ROOT_CLASS = YES_ERROR;
				CLANG_WARN_RANGE_LOOP_ANALYSIS = YES;
				CLANG_WARN_STRICT_PROTOTYPES = YES;
				CLANG_WARN_SUSPICIOUS_MOVE = YES;
				CLANG_WARN_UNREACHABLE_CODE = YES;
				CLANG_WARN__DUPLICATE_METHOD_MATCH = YES;
				COPY_PHASE_STRIP = NO;
				ENABLE_STRICT_OBJC_MSGSEND = YES;
				ENABLE_TESTABILITY = YES;
				GCC_C_LANGUAGE_STANDARD = gnu99;
				GCC_DYNAMIC_NO_PIC = NO;
				GCC_NO_COMMON_BLOCKS = YES;
				GCC_OPTIMIZATION_LEVEL = 0;
				GCC_PREPROCESSOR_DEFINITIONS = (
					"DEBUG=1",
					"$(inherited)",
				);
				GCC_SYMBOLS_PRIVATE_EXTERN = NO;
				GCC_WARN_64_TO_32_BIT_CONVERSION = YES;
				GCC_WARN_ABOUT_RETURN_TYPE = YES_ERROR;
				GCC_WARN_UNDECLARED_SELECTOR = YES;
				GCC_WARN_UNINITIALIZED_AUTOS = YES_AGGRESSIVE;
				GCC_WARN_UNUSED_FUNCTION = YES;
				GCC_WARN_UNUSED_VARIABLE = YES;
				IPHONEOS_DEPLOYMENT_TARGET = 11.0;
				MTL_ENABLE_DEBUG_INFO = YES;
				ONLY_ACTIVE_ARCH = YES;
				SDKROOT = iphoneos;
			};
			name = Debug;
		};
		58B511EE1A9E6C8500147676 /* Release */ = {
			isa = XCBuildConfiguration;
			buildSettings = {
				ALWAYS_SEARCH_USER_PATHS = NO;
				CLANG_CXX_LANGUAGE_STANDARD = "gnu++0x";
				CLANG_CXX_LIBRARY = "libc++";
				CLANG_ENABLE_MODULES = YES;
				CLANG_ENABLE_OBJC_ARC = YES;
				CLANG_WARN_BLOCK_CAPTURE_AUTORELEASING = YES;
				CLANG_WARN_BOOL_CONVERSION = YES;
				CLANG_WARN_COMMA = YES;
				CLANG_WARN_CONSTANT_CONVERSION = YES;
				CLANG_WARN_DIRECT_OBJC_ISA_USAGE = YES_ERROR;
				CLANG_WARN_EMPTY_BODY = YES;
				CLANG_WARN_ENUM_CONVERSION = YES;
				CLANG_WARN_INFINITE_RECURSION = YES;
				CLANG_WARN_INT_CONVERSION = YES;
				CLANG_WARN_NON_LITERAL_NULL_CONVERSION = YES;
				CLANG_WARN_OBJC_LITERAL_CONVERSION = YES;
				CLANG_WARN_OBJC_ROOT_CLASS = YES_ERROR;
				CLANG_WARN_RANGE_LOOP_ANALYSIS = YES;
				CLANG_WARN_STRICT_PROTOTYPES = YES;
				CLANG_WARN_SUSPICIOUS_MOVE = YES;
				CLANG_WARN_UNREACHABLE_CODE = YES;
				CLANG_WARN__DUPLICATE_METHOD_MATCH = YES;
				COPY_PHASE_STRIP = YES;
				ENABLE_NS_ASSERTIONS = NO;
				ENABLE_STRICT_OBJC_MSGSEND = YES;
				GCC_C_LANGUAGE_STANDARD = gnu99;
				GCC_NO_COMMON_BLOCKS = YES;
				GCC_WARN_64_TO_32_BIT_CONVERSION = YES;
				GCC_WARN_ABOUT_RETURN_TYPE = YES_ERROR;
				GCC_WARN_UNDECLARED_SELECTOR = YES;
				GCC_WARN_UNINITIALIZED_AUTOS = YES_AGGRESSIVE;
				GCC_WARN_UNUSED_FUNCTION = YES;
				GCC_WARN_UNUSED_VARIABLE = YES;
				IPHONEOS_DEPLOYMENT_TARGET = 11.0;
				MTL_ENABLE_DEBUG_INFO = NO;
				SDKROOT = iphoneos;
				VALIDATE_PRODUCT = YES;
			};
			name = Release;
		};
		58B511F01A9E6C8500147676 /* Debug */ = {
			isa = XCBuildConfiguration;
			buildSettings = {
				HEADER_SEARCH_PATHS = (
					"$(inherited)",
					/Applications/Xcode.app/Contents/Developer/Toolchains/XcodeDefault.xctoolchain/usr/include,
					"$(SRCROOT)/../../../React/**",
					"$(SRCROOT)/../../react-native/React/**",
				);
				LIBRARY_SEARCH_PATHS = "$(inherited)";
				OTHER_LDFLAGS = "-ObjC";
				PRODUCT_NAME = KeyboardController;
				SKIP_INSTALL = YES;
				SWIFT_OBJC_BRIDGING_HEADER = "KeyboardController-Bridging-Header.h";
				SWIFT_OPTIMIZATION_LEVEL = "-Onone";
				SWIFT_VERSION = 5.0;
			};
			name = Debug;
		};
		58B511F11A9E6C8500147676 /* Release */ = {
			isa = XCBuildConfiguration;
			buildSettings = {
				HEADER_SEARCH_PATHS = (
					"$(inherited)",
					/Applications/Xcode.app/Contents/Developer/Toolchains/XcodeDefault.xctoolchain/usr/include,
					"$(SRCROOT)/../../../React/**",
					"$(SRCROOT)/../../react-native/React/**",
				);
				LIBRARY_SEARCH_PATHS = "$(inherited)";
				OTHER_LDFLAGS = "-ObjC";
				PRODUCT_NAME = KeyboardController;
				SKIP_INSTALL = YES;
				SWIFT_OBJC_BRIDGING_HEADER = "KeyboardController-Bridging-Header.h";
				SWIFT_VERSION = 5.0;
			};
			name = Release;
		};
/* End XCBuildConfiguration section */

/* Begin XCConfigurationList section */
		58B511D61A9E6C8500147676 /* Build configuration list for PBXProject "KeyboardController" */ = {
			isa = XCConfigurationList;
			buildConfigurations = (
				58B511ED1A9E6C8500147676 /* Debug */,
				58B511EE1A9E6C8500147676 /* Release */,
			);
			defaultConfigurationIsVisible = 0;
			defaultConfigurationName = Release;
		};
		58B511EF1A9E6C8500147676 /* Build configuration list for PBXNativeTarget "KeyboardController" */ = {
			isa = XCConfigurationList;
			buildConfigurations = (
				58B511F01A9E6C8500147676 /* Debug */,
				58B511F11A9E6C8500147676 /* Release */,
			);
			defaultConfigurationIsVisible = 0;
			defaultConfigurationName = Release;
		};
/* End XCConfigurationList section */
	};
	rootObject = 58B511D31A9E6C8500147676 /* Project object */;
}
